{
  "lockfile_version": "1",
  "packages": {
    "gh@latest": {
      "last_modified": "2025-11-23T21:50:36Z",
      "resolved": "github:NixOS/nixpkgs/ee09932cedcef15aaf476f9343d1dea2cb77e261#gh",
      "source": "devbox-search",
      "version": "2.83.1",
      "systems": {
        "aarch64-darwin": {
          "outputs": [
            {
              "name": "out",
              "path": "/nix/store/jcfc6p66x7qnrwf2dn83gaar13swpfka-gh-2.83.1",
              "default": true
            }
          ],
          "store_path": "/nix/store/jcfc6p66x7qnrwf2dn83gaar13swpfka-gh-2.83.1"
        },
        "aarch64-linux": {
          "outputs": [
            {
              "name": "out",
              "path": "/nix/store/vr17vpprzabs961dj075z5wl6nw6b4w4-gh-2.83.1",
              "default": true
            }
          ],
          "store_path": "/nix/store/vr17vpprzabs961dj075z5wl6nw6b4w4-gh-2.83.1"
        },
        "x86_64-darwin": {
          "outputs": [
            {
              "name": "out",
              "path": "/nix/store/v1xrng4rrjshc9ini30l07rsc2dbi7fh-gh-2.83.1",
              "default": true
            }
          ],
          "store_path": "/nix/store/v1xrng4rrjshc9ini30l07rsc2dbi7fh-gh-2.83.1"
        },
        "x86_64-linux": {
          "outputs": [
            {
              "name": "out",
              "path": "/nix/store/y12yx7z4g4a3jbzh28h6yrpvcf6px5kl-gh-2.83.1",
              "default": true
            }
          ],
          "store_path": "/nix/store/y12yx7z4g4a3jbzh28h6yrpvcf6px5kl-gh-2.83.1"
        }
      }
    },
    "git@latest": {
      "last_modified": "2025-12-02T02:29:13Z",
      "resolved": "github:NixOS/nixpkgs/f720de59066162ee879adcc8c79e15c51fe6bfb4#git",
      "source": "devbox-search",
      "version": "2.51.2",
      "systems": {
        "aarch64-darwin": {
          "outputs": [
            {
              "name": "out",
              "path": "/nix/store/x34bh6s6ighg7lb74nkjbx3nx52zj0j9-git-2.51.2",
              "default": true
            },
            {
              "name": "doc",
              "path": "/nix/store/6wnscv0364r6430qmx33nn927dlw2vnf-git-2.51.2-doc"
            }
          ],
          "store_path": "/nix/store/x34bh6s6ighg7lb74nkjbx3nx52zj0j9-git-2.51.2"
        },
        "aarch64-linux": {
          "outputs": [
            {
              "name": "out",
              "path": "/nix/store/gzdcfmx2p9nvd4z21b6ns00cp4sv1d2h-git-2.51.2",
              "default": true
            },
            {
              "name": "debug",
              "path": "/nix/store/5l5ln59lpi4qv2qm59aqchlz32j9zcm9-git-2.51.2-debug"
            },
            {
              "name": "doc",
              "path": "/nix/store/w28mqxb1bd51f5rwh5127pvbp31lnqmv-git-2.51.2-doc"
            }
          ],
          "store_path": "/nix/store/gzdcfmx2p9nvd4z21b6ns00cp4sv1d2h-git-2.51.2"
        },
        "x86_64-darwin": {
          "outputs": [
            {
              "name": "out",
              "path": "/nix/store/zz5xiyzpnn06cdgw1xnlvs1sbly5247r-git-2.51.2",
              "default": true
            },
            {
              "name": "doc",
              "path": "/nix/store/vrisnm56c5v8mzbv55yrq28wgkvga8nm-git-2.51.2-doc"
            }
          ],
          "store_path": "/nix/store/zz5xiyzpnn06cdgw1xnlvs1sbly5247r-git-2.51.2"
        },
        "x86_64-linux": {
          "outputs": [
            {
              "name": "out",
              "path": "/nix/store/4qhdhmi7pzgad0zfd7c5lsg235mbf9hv-git-2.51.2",
              "default": true
            },
            {
              "name": "doc",
              "path": "/nix/store/9k6ivrdddy9s3z1hiwgavl0kfr2czgav-git-2.51.2-doc"
            },
            {
              "name": "debug",
              "path": "/nix/store/pjr2vd588sxa47glfg0ky0df3vk79dcs-git-2.51.2-debug"
            }
          ],
          "store_path": "/nix/store/4qhdhmi7pzgad0zfd7c5lsg235mbf9hv-git-2.51.2"
        }
      }
    },
    "github:NixOS/nixpkgs/nixpkgs-unstable": {
      "last_modified": "2025-12-03T20:43:00Z",
      "resolved": "github:NixOS/nixpkgs/ebc94f855ef25347c314258c10393a92794e7ab9?lastModified=1764794580&narHash=sha256-UMVihg0OQ980YqmOAPz%2BzkuCEb9hpE5Xj2v%2BZGNjQ%2BM%3D"
    },
    "glib@latest": {
      "last_modified": "2025-11-30T03:55:57Z",
      "resolved": "github:NixOS/nixpkgs/890f57fde071de281cd0e950cd80ea3e1ab55e75#glib",
      "source": "devbox-search",
      "version": "2.86.1",
      "systems": {
        "aarch64-darwin": {
          "outputs": [
            {
              "name": "bin",
              "path": "/nix/store/4307bdha653dq7sj6qnxnsrqnj6vcdm6-glib-2.86.1-bin",
              "default": true
            },
            {
              "name": "dev",
              "path": "/nix/store/9l57268nckpacngwqz6ahadwzax22ja1-glib-2.86.1-dev"
            },
            {
              "name": "devdoc",
              "path": "/nix/store/d39gbwx5flqlhkrkg382k9s9qdp2bi3j-glib-2.86.1-devdoc"
            },
            {
              "name": "out",
              "path": "/nix/store/fhxjbdk0wmihyz8fjwmspswh6v9nkbhk-glib-2.86.1"
            }
          ],
          "store_path": "/nix/store/4307bdha653dq7sj6qnxnsrqnj6vcdm6-glib-2.86.1-bin"
        },
        "aarch64-linux": {
          "outputs": [
            {
              "name": "bin",
              "path": "/nix/store/jcvycfmg6v0pfwk5nb2gjkz2jjj0vzb6-glib-2.86.1-bin",
              "default": true
            },
            {
              "name": "debug",
              "path": "/nix/store/b2dl91ciz88glxp507dv5b628fv4wk7p-glib-2.86.1-debug"
            },
            {
              "name": "dev",
              "path": "/nix/store/0gq1a1p4vk30y0vh215b0f4kb57fwafc-glib-2.86.1-dev"
            },
            {
              "name": "devdoc",
              "path": "/nix/store/8r0jgcha97cmsmpfkx74hlrb711cma7f-glib-2.86.1-devdoc"
            },
            {
              "name": "out",
              "path": "/nix/store/x1y4y34d03fjqylcjadsjbb6bqzlnkal-glib-2.86.1"
            }
          ],
          "store_path": "/nix/store/jcvycfmg6v0pfwk5nb2gjkz2jjj0vzb6-glib-2.86.1-bin"
        },
        "x86_64-darwin": {
          "outputs": [
            {
              "name": "bin",
              "path": "/nix/store/vpw6fkdy0s1w39l1jqsrfz9yis4b70gp-glib-2.86.1-bin",
              "default": true
            },
            {
              "name": "devdoc",
              "path": "/nix/store/aij2dw3rrqmwh7g3qrky4a69r3zbdqn3-glib-2.86.1-devdoc"
            },
            {
              "name": "out",
              "path": "/nix/store/56x7dljphk1xv08h0dza9p2p9ndmy620-glib-2.86.1"
            },
            {
              "name": "dev",
              "path": "/nix/store/axfhrz6zn5x2l2lbd0qls1nvafpaff9i-glib-2.86.1-dev"
            }
          ],
          "store_path": "/nix/store/vpw6fkdy0s1w39l1jqsrfz9yis4b70gp-glib-2.86.1-bin"
        },
        "x86_64-linux": {
          "outputs": [
            {
              "name": "bin",
              "path": "/nix/store/6mhypw5m1hbqn2glq4lhrlhbgdczdka5-glib-2.86.1-bin",
              "default": true
            },
            {
              "name": "debug",
              "path": "/nix/store/dm395zsyn3z15hb7lpg552pxrgy2nqsj-glib-2.86.1-debug"
            },
            {
              "name": "dev",
              "path": "/nix/store/g1zvzj5msg1d92jj2z9hn3b9n68rp8ap-glib-2.86.1-dev"
            },
            {
              "name": "devdoc",
              "path": "/nix/store/4zyyiz43wiqlvzfsg0ws0sigapin2akv-glib-2.86.1-devdoc"
            },
            {
              "name": "out",
              "path": "/nix/store/5qdsnc26nv61j5rrw492f19xav2rz45v-glib-2.86.1"
            }
          ],
          "store_path": "/nix/store/6mhypw5m1hbqn2glq4lhrlhbgdczdka5-glib-2.86.1-bin"
        }
      }
    },
    "glibcLocalesUtf8@latest": {
      "last_modified": "2025-11-23T21:50:36Z",
      "resolved": "github:NixOS/nixpkgs/ee09932cedcef15aaf476f9343d1dea2cb77e261#glibcLocalesUtf8",
      "source": "devbox-search",
      "version": "2.40-66",
      "systems": {
        "aarch64-linux": {
          "outputs": [
            {
              "name": "out",
              "path": "/nix/store/vqrpqw99ccg7vk1vymbz65ca3zdd31id-glibc-locales-2.40-66",
              "default": true
            }
          ],
          "store_path": "/nix/store/vqrpqw99ccg7vk1vymbz65ca3zdd31id-glibc-locales-2.40-66"
        },
        "x86_64-linux": {
          "outputs": [
            {
              "name": "out",
              "path": "/nix/store/lncqmx5asfccx0gfkp64r94ri59y0iyv-glibc-locales-2.40-66",
              "default": true
            }
          ],
          "store_path": "/nix/store/lncqmx5asfccx0gfkp64r94ri59y0iyv-glibc-locales-2.40-66"
        }
      }
    },
    "gnumake@latest": {
      "last_modified": "2025-12-01T11:04:22Z",
      "resolved": "github:NixOS/nixpkgs/c1cb7d097cb250f6e1904aacd5f2ba5ffd8a49ce#gnumake",
      "source": "devbox-search",
      "version": "4.4.1",
      "systems": {
        "aarch64-darwin": {
          "outputs": [
            {
              "name": "out",
              "path": "/nix/store/himpsafkr92afwx35m02cfqqkayjp7ab-gnumake-4.4.1",
              "default": true
            },
            {
              "name": "man",
              "path": "/nix/store/6k5xskz3ih6as6s431an4vfc8kygwb06-gnumake-4.4.1-man",
              "default": true
            },
            {
              "name": "info",
              "path": "/nix/store/j8pw4cw50ijq08zdnz6r5s0l8hwvi6y2-gnumake-4.4.1-info"
            }
          ],
          "store_path": "/nix/store/himpsafkr92afwx35m02cfqqkayjp7ab-gnumake-4.4.1"
        },
        "aarch64-linux": {
          "outputs": [
            {
              "name": "out",
              "path": "/nix/store/4as5z9sq13frzn76l4grs0x7jlhmp8a4-gnumake-4.4.1",
              "default": true
            },
            {
              "name": "man",
              "path": "/nix/store/c3p59qjacf7zlmivlhzly323wbmwiynn-gnumake-4.4.1-man",
              "default": true
            },
            {
              "name": "debug",
              "path": "/nix/store/bg7na4xrp92kc3w2xmpxck5rxab10by5-gnumake-4.4.1-debug"
            },
            {
              "name": "info",
              "path": "/nix/store/w974qs2b1p53l0xcxrm4va45ih5jjj1x-gnumake-4.4.1-info"
            }
          ],
          "store_path": "/nix/store/4as5z9sq13frzn76l4grs0x7jlhmp8a4-gnumake-4.4.1"
        },
        "x86_64-darwin": {
          "outputs": [
            {
              "name": "out",
              "path": "/nix/store/bc7w3vj6r09bi1izjnag31zw1s26bl3i-gnumake-4.4.1",
              "default": true
            },
            {
              "name": "man",
              "path": "/nix/store/70bpwla1zm4rzj3qh318qb0h3zg2k57x-gnumake-4.4.1-man",
              "default": true
            },
            {
              "name": "info",
              "path": "/nix/store/318jsjis2rp8rm5zpw936flpg90c4v20-gnumake-4.4.1-info"
            }
          ],
          "store_path": "/nix/store/bc7w3vj6r09bi1izjnag31zw1s26bl3i-gnumake-4.4.1"
        },
        "x86_64-linux": {
          "outputs": [
            {
              "name": "out",
              "path": "/nix/store/jlv0a6iyh8vb7pfyhjj93xy245xlmgh5-gnumake-4.4.1",
              "default": true
            },
            {
              "name": "man",
              "path": "/nix/store/66gca2ba1a5dd2pbwh3nc2fil96nzwb8-gnumake-4.4.1-man",
              "default": true
            },
            {
              "name": "debug",
              "path": "/nix/store/jyd69jw95fcsgnl9p5r6k3iycls32vsy-gnumake-4.4.1-debug"
            },
            {
              "name": "info",
              "path": "/nix/store/dm5rg41pkjr7g5khqivn5ddgdlzr2fvy-gnumake-4.4.1-info"
            }
          ],
          "store_path": "/nix/store/jlv0a6iyh8vb7pfyhjj93xy245xlmgh5-gnumake-4.4.1"
        }
      }
    },
    "go-task@latest": {
      "last_modified": "2025-11-23T21:50:36Z",
      "resolved": "github:NixOS/nixpkgs/ee09932cedcef15aaf476f9343d1dea2cb77e261#go-task",
      "source": "devbox-search",
      "version": "3.45.5",
      "systems": {
        "aarch64-darwin": {
          "outputs": [
            {
              "name": "out",
              "path": "/nix/store/hq2nfh8sndri3x4z4k1j9g9wk6l0kp5q-go-task-3.45.5",
              "default": true
            }
          ],
          "store_path": "/nix/store/hq2nfh8sndri3x4z4k1j9g9wk6l0kp5q-go-task-3.45.5"
        },
        "aarch64-linux": {
          "outputs": [
            {
              "name": "out",
              "path": "/nix/store/4ac3xjjbvapdifhzqn3cj012b685bysi-go-task-3.45.5",
              "default": true
            }
          ],
          "store_path": "/nix/store/4ac3xjjbvapdifhzqn3cj012b685bysi-go-task-3.45.5"
        },
        "x86_64-darwin": {
          "outputs": [
            {
              "name": "out",
              "path": "/nix/store/57gnc0hahiawf2dmiiy6z6kxmaq2a41m-go-task-3.45.5",
              "default": true
            }
          ],
          "store_path": "/nix/store/57gnc0hahiawf2dmiiy6z6kxmaq2a41m-go-task-3.45.5"
        },
        "x86_64-linux": {
          "outputs": [
            {
              "name": "out",
              "path": "/nix/store/8j7jr4fpjlmbcyb1crr8gy00z8d768vm-go-task-3.45.5",
              "default": true
            }
          ],
          "store_path": "/nix/store/8j7jr4fpjlmbcyb1crr8gy00z8d768vm-go-task-3.45.5"
        }
      }
    },
    "kubectl@latest": {
      "last_modified": "2025-11-23T21:50:36Z",
      "resolved": "github:NixOS/nixpkgs/ee09932cedcef15aaf476f9343d1dea2cb77e261#kubectl",
      "source": "devbox-search",
      "version": "1.34.2",
      "systems": {
        "aarch64-darwin": {
          "outputs": [
            {
              "name": "out",
              "path": "/nix/store/lnyk97mlh2172dpa3vfx8inrs14vcjww-kubectl-1.34.2",
              "default": true
            },
            {
              "name": "man",
              "path": "/nix/store/yq0lp1mnyf2sj79cdq0fyc0vyb6jdl13-kubectl-1.34.2-man",
              "default": true
            },
            {
              "name": "convert",
              "path": "/nix/store/j02lgplwvs8fmpdkb1cgmf3997hx0ark-kubectl-1.34.2-convert"
            }
          ],
          "store_path": "/nix/store/lnyk97mlh2172dpa3vfx8inrs14vcjww-kubectl-1.34.2"
        },
        "aarch64-linux": {
          "outputs": [
            {
              "name": "out",
              "path": "/nix/store/a5xly6hcnr8w7kdfqxxgmwgq675la20r-kubectl-1.34.2",
              "default": true
            },
            {
              "name": "man",
              "path": "/nix/store/2af7cfbgya65h14ig1zb0l4wspcdiq7m-kubectl-1.34.2-man",
              "default": true
            },
            {
              "name": "convert",
              "path": "/nix/store/0phxpfyd0ibr1m09q36mvh95w2ln1z0w-kubectl-1.34.2-convert"
            }
          ],
          "store_path": "/nix/store/a5xly6hcnr8w7kdfqxxgmwgq675la20r-kubectl-1.34.2"
        },
        "x86_64-darwin": {
          "outputs": [
            {
              "name": "out",
              "path": "/nix/store/bx50n1rxkv4098wd1krvh7cklz7rn8y6-kubectl-1.34.2",
              "default": true
            },
            {
              "name": "man",
              "path": "/nix/store/jg5a8rlabq37l3b5kibsf9z6qz0v4x9m-kubectl-1.34.2-man",
              "default": true
            },
            {
              "name": "convert",
              "path": "/nix/store/1scrgj573xzmywanx90230y9ls5v2w3a-kubectl-1.34.2-convert"
            }
          ],
          "store_path": "/nix/store/bx50n1rxkv4098wd1krvh7cklz7rn8y6-kubectl-1.34.2"
        },
        "x86_64-linux": {
          "outputs": [
            {
              "name": "out",
              "path": "/nix/store/vcy97mavll1fwawj02qr7lkkl0kl2q6y-kubectl-1.34.2",
              "default": true
            },
            {
              "name": "man",
              "path": "/nix/store/vdbvkvx7xxhgz417r33gw35qwh57flix-kubectl-1.34.2-man",
              "default": true
            },
            {
              "name": "convert",
              "path": "/nix/store/grracn6nj7cqbjdk33fii2xlvsk6zxs5-kubectl-1.34.2-convert"
            }
          ],
          "store_path": "/nix/store/vcy97mavll1fwawj02qr7lkkl0kl2q6y-kubectl-1.34.2"
        }
      }
    },
    "mise@latest": {
      "last_modified": "2025-12-01T11:04:22Z",
      "resolved": "github:NixOS/nixpkgs/c1cb7d097cb250f6e1904aacd5f2ba5ffd8a49ce#mise",
      "source": "devbox-search",
      "version": "2025.11.11",
      "systems": {
        "aarch64-darwin": {
          "outputs": [
            {
              "name": "out",
              "path": "/nix/store/zsg53fbdhwhxcpa3rjn7gzlfair92hna-mise-2025.11.11",
              "default": true
            }
          ],
          "store_path": "/nix/store/zsg53fbdhwhxcpa3rjn7gzlfair92hna-mise-2025.11.11"
        },
        "aarch64-linux": {
          "outputs": [
            {
              "name": "out",
              "path": "/nix/store/k89vpmsxn916iip162j4b6jkjjlhsd72-mise-2025.11.11",
              "default": true
            }
          ],
          "store_path": "/nix/store/k89vpmsxn916iip162j4b6jkjjlhsd72-mise-2025.11.11"
        },
        "x86_64-darwin": {
          "outputs": [
            {
              "name": "out",
              "path": "/nix/store/1b3xgrbjabgvwpx5b39dy5b324hhrbi7-mise-2025.11.11",
              "default": true
            }
          ],
          "store_path": "/nix/store/1b3xgrbjabgvwpx5b39dy5b324hhrbi7-mise-2025.11.11"
        },
        "x86_64-linux": {
          "outputs": [
            {
              "name": "out",
              "path": "/nix/store/99hkwg1rzadnamqnvzxg7md7ywx26wvb-mise-2025.11.11",
              "default": true
            }
          ],
          "store_path": "/nix/store/99hkwg1rzadnamqnvzxg7md7ywx26wvb-mise-2025.11.11"
        }
      }
    },
    "nodejs_23@latest": {
      "last_modified": "2025-05-04T22:22:57Z",
      "plugin_version": "0.0.2",
      "resolved": "github:NixOS/nixpkgs/ed30f8aba41605e3ab46421e3dcb4510ec560ff8#nodejs_23",
      "source": "devbox-search",
      "version": "23.11.0",
      "systems": {
        "aarch64-darwin": {
          "outputs": [
            {
              "name": "out",
              "path": "/nix/store/gdh7lnl6ksw2s9j65ah0jnr93cypq0zr-nodejs-23.11.0",
              "default": true
            },
            {
              "name": "libv8",
              "path": "/nix/store/yf4hi5pps1ciplvlrfdvmzdyv0z24l2x-nodejs-23.11.0-libv8"
            },
            {
              "name": "dev",
              "path": "/nix/store/g1c4jg5r4x6jg3zpirgmw9na2swv94sw-nodejs-23.11.0-dev"
            }
          ],
          "store_path": "/nix/store/gdh7lnl6ksw2s9j65ah0jnr93cypq0zr-nodejs-23.11.0"
        },
        "aarch64-linux": {
          "outputs": [
            {
              "name": "out",
              "path": "/nix/store/x7ivilhxy8gf1ikriff5xif8pg54jvgr-nodejs-23.11.0",
              "default": true
            },
            {
              "name": "dev",
              "path": "/nix/store/n1n2gq6vnvfi5z7cpbg3gp8256wlz089-nodejs-23.11.0-dev"
            },
            {
              "name": "libv8",
              "path": "/nix/store/86qhml3ncl7i4mib7yavcikacnrixsv2-nodejs-23.11.0-libv8"
            }
          ],
          "store_path": "/nix/store/x7ivilhxy8gf1ikriff5xif8pg54jvgr-nodejs-23.11.0"
        },
        "x86_64-darwin": {
          "outputs": [
            {
              "name": "out",
              "path": "/nix/store/bnv40f11mj4yqshylgyw4vp12vh451hb-nodejs-23.11.0",
              "default": true
            },
            {
              "name": "dev",
              "path": "/nix/store/5xkwl34mg1acklqwmm00zj04k235pkvg-nodejs-23.11.0-dev"
            },
            {
              "name": "libv8",
              "path": "/nix/store/s8k6rdbs4m8nkqq478mvq1xf4jlfhjrj-nodejs-23.11.0-libv8"
            }
          ],
          "store_path": "/nix/store/bnv40f11mj4yqshylgyw4vp12vh451hb-nodejs-23.11.0"
        },
        "x86_64-linux": {
          "outputs": [
            {
              "name": "out",
              "path": "/nix/store/farnym67jl2brs97ihsvziz7gm0yq26l-nodejs-23.11.0",
              "default": true
            },
            {
              "name": "libv8",
              "path": "/nix/store/3kx3gj5ix8nsp63kh3nkvxzbqcic85wx-nodejs-23.11.0-libv8"
            },
            {
              "name": "dev",
              "path": "/nix/store/37nmva83fc0idfd0xk7rq61zgxg0ywab-nodejs-23.11.0-dev"
            }
          ],
          "store_path": "/nix/store/farnym67jl2brs97ihsvziz7gm0yq26l-nodejs-23.11.0"
        }
      }
    },
    "openssl@latest": {
      "last_modified": "2025-12-01T17:53:29Z",
      "resolved": "github:NixOS/nixpkgs/8c29968b3a942f2903f90797f9623737c215737c#openssl",
      "source": "devbox-search",
      "version": "3.6.0",
      "systems": {
        "aarch64-darwin": {
          "outputs": [
            {
              "name": "bin",
              "path": "/nix/store/z9prisxci5h5lsk3rdknd4jzq7k9q13d-openssl-3.6.0-bin",
              "default": true
            },
            {
              "name": "man",
              "path": "/nix/store/ii9mnzr3i92mgk9dkgg65739mavd0j6f-openssl-3.6.0-man",
              "default": true
            },
            {
              "name": "dev",
              "path": "/nix/store/h0qgqik0mk0wn7rmm2kk3grfi1wzly74-openssl-3.6.0-dev"
            },
            {
              "name": "doc",
              "path": "/nix/store/yx3ip21fdaaxpjn5fbir02mqnaw9cm4f-openssl-3.6.0-doc"
            },
            {
              "name": "out",
              "path": "/nix/store/3z54dgks2mz3dhwddj158sdibll8xmq5-openssl-3.6.0"
            }
          ],
          "store_path": "/nix/store/z9prisxci5h5lsk3rdknd4jzq7k9q13d-openssl-3.6.0-bin"
        },
        "aarch64-linux": {
          "outputs": [
            {
              "name": "bin",
              "path": "/nix/store/wb6q44n9kcb5acmaa4rgqsajadx1fhhl-openssl-3.6.0-bin",
              "default": true
            },
            {
              "name": "man",
              "path": "/nix/store/c9n1alb7ypzjvzd47m16fiwfczz23qs3-openssl-3.6.0-man",
              "default": true
            },
            {
              "name": "dev",
              "path": "/nix/store/pq8b7fb3282g68pmk14mbyi20qn6chid-openssl-3.6.0-dev"
            },
            {
              "name": "doc",
              "path": "/nix/store/vaplp6w56dyz38986bgkf0pbg3r486b2-openssl-3.6.0-doc"
            },
            {
              "name": "out",
              "path": "/nix/store/nj50gkyx813dxvfmsg1q8m330hmf3h86-openssl-3.6.0"
            },
            {
              "name": "debug",
              "path": "/nix/store/ci6d4k1sj4bnr892lsrqqmjiihqsk0bl-openssl-3.6.0-debug"
            }
          ],
          "store_path": "/nix/store/wb6q44n9kcb5acmaa4rgqsajadx1fhhl-openssl-3.6.0-bin"
        },
        "x86_64-darwin": {
          "outputs": [
            {
              "name": "bin",
              "path": "/nix/store/m3xwn9n0jypwjgi256idfzs979g30j29-openssl-3.6.0-bin",
              "default": true
            },
            {
              "name": "man",
              "path": "/nix/store/hw43f3y1vl7ydrd4samnwnrwqqwkpisv-openssl-3.6.0-man",
              "default": true
            },
            {
              "name": "dev",
              "path": "/nix/store/dirjrfjk8jgsbdpslgb51cav6qaxn2vm-openssl-3.6.0-dev"
            },
            {
              "name": "doc",
              "path": "/nix/store/va1zhkz0nfmycvd0h239hi4w40qgaxcx-openssl-3.6.0-doc"
            },
            {
              "name": "out",
              "path": "/nix/store/q9a4wssx24xsy28w8kifdqizc01fh7sc-openssl-3.6.0"
            }
          ],
          "store_path": "/nix/store/m3xwn9n0jypwjgi256idfzs979g30j29-openssl-3.6.0-bin"
        },
        "x86_64-linux": {
          "outputs": [
            {
              "name": "bin",
              "path": "/nix/store/k0gl1zc7f5hk87lylxwbipb0b870bcmk-openssl-3.6.0-bin",
              "default": true
            },
            {
              "name": "man",
              "path": "/nix/store/a9jdl6xq9fc98ykpvqmc9kf0b0j9y8wh-openssl-3.6.0-man",
              "default": true
            },
            {
              "name": "debug",
              "path": "/nix/store/sqv8kbdgfxlr2d6nysr8c2715qpsi6f5-openssl-3.6.0-debug"
            },
            {
              "name": "dev",
              "path": "/nix/store/ydrckgnllgg8nmhdwni81h7xhcpnrlhd-openssl-3.6.0-dev"
            },
            {
              "name": "doc",
              "path": "/nix/store/cgp9ig35iwicfb9spcrgyg2m5dmlcgrv-openssl-3.6.0-doc"
            },
            {
              "name": "out",
              "path": "/nix/store/61i74yjkj9p1qphfl7018ja4sdwkipx0-openssl-3.6.0"
            }
          ],
          "store_path": "/nix/store/k0gl1zc7f5hk87lylxwbipb0b870bcmk-openssl-3.6.0-bin"
        }
      }
    },
    "pre-commit@latest": {
      "last_modified": "2025-11-29T19:37:08Z",
      "resolved": "github:NixOS/nixpkgs/a09378c0108815dbf3961a0e085936f4146ec415#pre-commit",
      "source": "devbox-search",
      "version": "4.5.0",
      "systems": {
        "aarch64-darwin": {
          "outputs": [
            {
              "name": "out",
              "path": "/nix/store/kbsd895yi5zzlnnyzlb314kqzkjcxirm-pre-commit-4.5.0",
              "default": true
            },
            {
              "name": "dist",
              "path": "/nix/store/1laiwl4i8f23d7faqvxbcq954sxy247j-pre-commit-4.5.0-dist"
            }
          ],
          "store_path": "/nix/store/kbsd895yi5zzlnnyzlb314kqzkjcxirm-pre-commit-4.5.0"
        },
        "aarch64-linux": {
          "outputs": [
            {
              "name": "out",
              "path": "/nix/store/9wcnpjj79915r15cgahl7s9kz9s1d6cz-pre-commit-4.5.0",
              "default": true
            },
            {
              "name": "dist",
              "path": "/nix/store/7pwsavmn3fwpc06b88lxavlhjmmrp0jl-pre-commit-4.5.0-dist"
            }
          ],
          "store_path": "/nix/store/9wcnpjj79915r15cgahl7s9kz9s1d6cz-pre-commit-4.5.0"
        },
        "x86_64-darwin": {
          "outputs": [
            {
              "name": "out",
              "path": "/nix/store/vkbhfi3vphnas6347gbxsdh8pwnj5cl6-pre-commit-4.5.0",
              "default": true
            },
            {
              "name": "dist",
              "path": "/nix/store/pzkk3zs6wgq0d1dsm3ri24hxp7c81h1h-pre-commit-4.5.0-dist"
            }
          ],
          "store_path": "/nix/store/vkbhfi3vphnas6347gbxsdh8pwnj5cl6-pre-commit-4.5.0"
        },
        "x86_64-linux": {
          "outputs": [
            {
              "name": "out",
              "path": "/nix/store/hhzpwcr2r29603ygc147wr58vlkf4qv5-pre-commit-4.5.0",
              "default": true
            },
            {
              "name": "dist",
              "path": "/nix/store/n6dxcjwniqcgp9vqnypi82057brqz24w-pre-commit-4.5.0-dist"
            }
          ],
          "store_path": "/nix/store/hhzpwcr2r29603ygc147wr58vlkf4qv5-pre-commit-4.5.0"
        }
      }
    },
    "ruff@latest": {
      "last_modified": "2025-12-01T17:53:29Z",
      "resolved": "github:NixOS/nixpkgs/8c29968b3a942f2903f90797f9623737c215737c#ruff",
      "source": "devbox-search",
      "version": "0.14.7",
      "systems": {
        "aarch64-darwin": {
          "outputs": [
            {
              "name": "out",
              "path": "/nix/store/bmb6v5nxksa1vxswcq0ab0wxkvz47wav-ruff-0.14.7",
              "default": true
            }
          ],
          "store_path": "/nix/store/bmb6v5nxksa1vxswcq0ab0wxkvz47wav-ruff-0.14.7"
        },
        "aarch64-linux": {
          "outputs": [
            {
              "name": "out",
              "path": "/nix/store/b9fp0pjgb2manbyf4f0lcjvjhw272ms5-ruff-0.14.7",
              "default": true
            }
          ],
          "store_path": "/nix/store/b9fp0pjgb2manbyf4f0lcjvjhw272ms5-ruff-0.14.7"
        },
        "x86_64-darwin": {
          "outputs": [
            {
              "name": "out",
              "path": "/nix/store/33qwlnmm8v70pxai24npcap2qwkjbwak-ruff-0.14.7",
              "default": true
            }
          ],
          "store_path": "/nix/store/33qwlnmm8v70pxai24npcap2qwkjbwak-ruff-0.14.7"
        },
        "x86_64-linux": {
          "outputs": [
            {
              "name": "out",
              "path": "/nix/store/pbxzpf01aj49gqpncv1iqm70lj0xcd7r-ruff-0.14.7",
              "default": true
            }
          ],
          "store_path": "/nix/store/pbxzpf01aj49gqpncv1iqm70lj0xcd7r-ruff-0.14.7"
        }
      }
    },
    "tilt@latest": {
      "last_modified": "2025-11-29T19:37:08Z",
      "resolved": "github:NixOS/nixpkgs/a09378c0108815dbf3961a0e085936f4146ec415#tilt",
      "source": "devbox-search",
      "version": "0.35.2",
      "systems": {
        "aarch64-darwin": {
          "outputs": [
            {
              "name": "out",
              "path": "/nix/store/6vwg4vy5kc5nj6vdjpgg14kqh1yb620s-tilt-0.35.2",
              "default": true
            }
          ],
          "store_path": "/nix/store/6vwg4vy5kc5nj6vdjpgg14kqh1yb620s-tilt-0.35.2"
        },
        "aarch64-linux": {
          "outputs": [
            {
              "name": "out",
              "path": "/nix/store/lv44kqw4jjrmnrz10n9ir2bi3lg1k0s9-tilt-0.35.2",
              "default": true
            }
          ],
          "store_path": "/nix/store/lv44kqw4jjrmnrz10n9ir2bi3lg1k0s9-tilt-0.35.2"
        },
        "x86_64-darwin": {
          "outputs": [
            {
              "name": "out",
              "path": "/nix/store/zy57z0x3vp8qgvappc6hp11qi9nvm1m0-tilt-0.35.2",
              "default": true
            }
          ],
          "store_path": "/nix/store/zy57z0x3vp8qgvappc6hp11qi9nvm1m0-tilt-0.35.2"
        },
        "x86_64-linux": {
          "outputs": [
            {
              "name": "out",
              "path": "/nix/store/6snvmi862xzyswzsw116x5b8r5naznap-tilt-0.35.2",
              "default": true
            }
          ],
          "store_path": "/nix/store/6snvmi862xzyswzsw116x5b8r5naznap-tilt-0.35.2"
        }
      }
    },
    "uv@latest": {
      "last_modified": "2025-11-27T16:32:22Z",
      "resolved": "github:NixOS/nixpkgs/43b1eefcc27068dd3c35af4bb7519ac5ff12a337#uv",
      "source": "devbox-search",
      "version": "0.9.13",
      "systems": {
        "aarch64-darwin": {
          "outputs": [
            {
              "name": "out",
              "path": "/nix/store/z8q4rcd78j5fxxv1991vcqwlh38cx3yn-uv-0.9.13",
              "default": true
            }
          ],
          "store_path": "/nix/store/z8q4rcd78j5fxxv1991vcqwlh38cx3yn-uv-0.9.13"
        },
        "aarch64-linux": {
          "outputs": [
            {
              "name": "out",
              "path": "/nix/store/c9zz2067as822wkgi9apb5y770ih4q2a-uv-0.9.13",
              "default": true
            }
          ],
          "store_path": "/nix/store/c9zz2067as822wkgi9apb5y770ih4q2a-uv-0.9.13"
        },
        "x86_64-darwin": {
          "outputs": [
            {
              "name": "out",
              "path": "/nix/store/4d5dmjyjfwirprj31hcxq0pxq2fcsllb-uv-0.9.13",
              "default": true
            }
          ],
          "store_path": "/nix/store/4d5dmjyjfwirprj31hcxq0pxq2fcsllb-uv-0.9.13"
        },
        "x86_64-linux": {
          "outputs": [
            {
              "name": "out",
              "path": "/nix/store/kcr64zc57csrp7l88g430aw7wad3s1ii-uv-0.9.13",
              "default": true
            }
          ],
          "store_path": "/nix/store/kcr64zc57csrp7l88g430aw7wad3s1ii-uv-0.9.13"
        }
      }
    }
  }
}
