{
  "lockfile_version": "1",
  "packages": {
    "gh@latest": {
      "last_modified": "2025-12-11T04:04:52Z",
      "resolved": "github:NixOS/nixpkgs/5d6bdbddb4695a62f0d00a3620b37a15275a5093#gh",
      "source": "devbox-search",
      "version": "2.83.2",
      "systems": {
        "aarch64-darwin": {
          "outputs": [
            {
              "name": "out",
              "path": "/nix/store/v09g9zh0bwfjrfcq81k167jk8fnaql4x-gh-2.83.2",
              "default": true
            }
          ],
          "store_path": "/nix/store/v09g9zh0bwfjrfcq81k167jk8fnaql4x-gh-2.83.2"
        },
        "aarch64-linux": {
          "outputs": [
            {
              "name": "out",
              "path": "/nix/store/8a3gc9smfgmimvvsgjncij1p3hrkbycq-gh-2.83.2",
              "default": true
            }
          ],
          "store_path": "/nix/store/8a3gc9smfgmimvvsgjncij1p3hrkbycq-gh-2.83.2"
        },
        "x86_64-darwin": {
          "outputs": [
            {
              "name": "out",
              "path": "/nix/store/cc4glclba1gffbxddd8vyyh8k69c145w-gh-2.83.2",
              "default": true
            }
          ],
          "store_path": "/nix/store/cc4glclba1gffbxddd8vyyh8k69c145w-gh-2.83.2"
        },
        "x86_64-linux": {
          "outputs": [
            {
              "name": "out",
              "path": "/nix/store/1ga8sgks3i0iwdl33aazgql8gfsxnqjc-gh-2.83.2",
              "default": true
            }
          ],
          "store_path": "/nix/store/1ga8sgks3i0iwdl33aazgql8gfsxnqjc-gh-2.83.2"
        }
      }
    },
    "git@latest": {
      "last_modified": "2025-12-26T11:10:58Z",
      "resolved": "github:NixOS/nixpkgs/c633f572eded8c4f3c75b8010129854ed404a6ce#git",
      "source": "devbox-search",
      "version": "2.51.2",
      "systems": {
        "aarch64-darwin": {
          "outputs": [
            {
              "name": "out",
              "path": "/nix/store/x34bh6s6ighg7lb74nkjbx3nx52zj0j9-git-2.51.2",
              "default": true
            },
            {
              "name": "doc",
              "path": "/nix/store/6wnscv0364r6430qmx33nn927dlw2vnf-git-2.51.2-doc"
            }
          ],
          "store_path": "/nix/store/x34bh6s6ighg7lb74nkjbx3nx52zj0j9-git-2.51.2"
        },
        "aarch64-linux": {
          "outputs": [
            {
              "name": "out",
              "path": "/nix/store/gzdcfmx2p9nvd4z21b6ns00cp4sv1d2h-git-2.51.2",
              "default": true
            },
            {
              "name": "debug",
              "path": "/nix/store/5l5ln59lpi4qv2qm59aqchlz32j9zcm9-git-2.51.2-debug"
            },
            {
              "name": "doc",
              "path": "/nix/store/w28mqxb1bd51f5rwh5127pvbp31lnqmv-git-2.51.2-doc"
            }
          ],
          "store_path": "/nix/store/gzdcfmx2p9nvd4z21b6ns00cp4sv1d2h-git-2.51.2"
        },
        "x86_64-darwin": {
          "outputs": [
            {
              "name": "out",
              "path": "/nix/store/zz5xiyzpnn06cdgw1xnlvs1sbly5247r-git-2.51.2",
              "default": true
            },
            {
              "name": "doc",
              "path": "/nix/store/vrisnm56c5v8mzbv55yrq28wgkvga8nm-git-2.51.2-doc"
            }
          ],
          "store_path": "/nix/store/zz5xiyzpnn06cdgw1xnlvs1sbly5247r-git-2.51.2"
        },
        "x86_64-linux": {
          "outputs": [
            {
              "name": "out",
              "path": "/nix/store/4qhdhmi7pzgad0zfd7c5lsg235mbf9hv-git-2.51.2",
              "default": true
            },
            {
              "name": "debug",
              "path": "/nix/store/pjr2vd588sxa47glfg0ky0df3vk79dcs-git-2.51.2-debug"
            },
            {
              "name": "doc",
              "path": "/nix/store/9k6ivrdddy9s3z1hiwgavl0kfr2czgav-git-2.51.2-doc"
            }
          ],
          "store_path": "/nix/store/4qhdhmi7pzgad0zfd7c5lsg235mbf9hv-git-2.51.2"
        }
      }
    },
    "github:NixOS/nixpkgs/nixpkgs-unstable": {
      "last_modified": "2026-01-01T04:40:00Z",
      "resolved": "github:NixOS/nixpkgs/c04833a1e584401bb63c1a63ddc51a71e6aa457a?lastModified=1767242400&narHash=sha256-knFaYjeg7swqG1dljj1hOxfg39zrIy8pfGuicjm9s%2Bo%3D"
    },
    "glib@latest": {
      "last_modified": "2025-12-29T16:45:58Z",
      "resolved": "github:NixOS/nixpkgs/346dd96ad74dc4457a9db9de4f4f57dab2e5731d#glib",
      "source": "devbox-search",
      "version": "2.86.1",
      "systems": {
        "aarch64-darwin": {
          "outputs": [
            {
              "name": "bin",
              "path": "/nix/store/4307bdha653dq7sj6qnxnsrqnj6vcdm6-glib-2.86.1-bin",
              "default": true
            },
            {
              "name": "dev",
              "path": "/nix/store/9l57268nckpacngwqz6ahadwzax22ja1-glib-2.86.1-dev"
            },
            {
              "name": "devdoc",
              "path": "/nix/store/d39gbwx5flqlhkrkg382k9s9qdp2bi3j-glib-2.86.1-devdoc"
            },
            {
              "name": "out",
              "path": "/nix/store/fhxjbdk0wmihyz8fjwmspswh6v9nkbhk-glib-2.86.1"
            }
          ],
          "store_path": "/nix/store/4307bdha653dq7sj6qnxnsrqnj6vcdm6-glib-2.86.1-bin"
        },
        "aarch64-linux": {
          "outputs": [
            {
              "name": "bin",
              "path": "/nix/store/jcvycfmg6v0pfwk5nb2gjkz2jjj0vzb6-glib-2.86.1-bin",
              "default": true
            },
            {
              "name": "devdoc",
              "path": "/nix/store/8r0jgcha97cmsmpfkx74hlrb711cma7f-glib-2.86.1-devdoc"
            },
            {
              "name": "out",
              "path": "/nix/store/x1y4y34d03fjqylcjadsjbb6bqzlnkal-glib-2.86.1"
            },
            {
              "name": "debug",
              "path": "/nix/store/b2dl91ciz88glxp507dv5b628fv4wk7p-glib-2.86.1-debug"
            },
            {
              "name": "dev",
              "path": "/nix/store/0gq1a1p4vk30y0vh215b0f4kb57fwafc-glib-2.86.1-dev"
            }
          ],
          "store_path": "/nix/store/jcvycfmg6v0pfwk5nb2gjkz2jjj0vzb6-glib-2.86.1-bin"
        },
        "x86_64-darwin": {
          "outputs": [
            {
              "name": "bin",
              "path": "/nix/store/vpw6fkdy0s1w39l1jqsrfz9yis4b70gp-glib-2.86.1-bin",
              "default": true
            },
            {
              "name": "dev",
              "path": "/nix/store/axfhrz6zn5x2l2lbd0qls1nvafpaff9i-glib-2.86.1-dev"
            },
            {
              "name": "devdoc",
              "path": "/nix/store/aij2dw3rrqmwh7g3qrky4a69r3zbdqn3-glib-2.86.1-devdoc"
            },
            {
              "name": "out",
              "path": "/nix/store/56x7dljphk1xv08h0dza9p2p9ndmy620-glib-2.86.1"
            }
          ],
          "store_path": "/nix/store/vpw6fkdy0s1w39l1jqsrfz9yis4b70gp-glib-2.86.1-bin"
        },
        "x86_64-linux": {
          "outputs": [
            {
              "name": "bin",
              "path": "/nix/store/6mhypw5m1hbqn2glq4lhrlhbgdczdka5-glib-2.86.1-bin",
              "default": true
            },
            {
              "name": "out",
              "path": "/nix/store/5qdsnc26nv61j5rrw492f19xav2rz45v-glib-2.86.1"
            },
            {
              "name": "debug",
              "path": "/nix/store/dm395zsyn3z15hb7lpg552pxrgy2nqsj-glib-2.86.1-debug"
            },
            {
              "name": "dev",
              "path": "/nix/store/g1zvzj5msg1d92jj2z9hn3b9n68rp8ap-glib-2.86.1-dev"
            },
            {
              "name": "devdoc",
              "path": "/nix/store/4zyyiz43wiqlvzfsg0ws0sigapin2akv-glib-2.86.1-devdoc"
            }
          ],
          "store_path": "/nix/store/6mhypw5m1hbqn2glq4lhrlhbgdczdka5-glib-2.86.1-bin"
        }
      }
    },
    "glibcLocalesUtf8@latest": {
      "last_modified": "2025-11-23T21:50:36Z",
      "resolved": "github:NixOS/nixpkgs/ee09932cedcef15aaf476f9343d1dea2cb77e261#glibcLocalesUtf8",
      "source": "devbox-search",
      "version": "2.40-66",
      "systems": {
        "aarch64-linux": {
          "outputs": [
            {
              "name": "out",
              "path": "/nix/store/vqrpqw99ccg7vk1vymbz65ca3zdd31id-glibc-locales-2.40-66",
              "default": true
            }
          ],
          "store_path": "/nix/store/vqrpqw99ccg7vk1vymbz65ca3zdd31id-glibc-locales-2.40-66"
        },
        "x86_64-linux": {
          "outputs": [
            {
              "name": "out",
              "path": "/nix/store/lncqmx5asfccx0gfkp64r94ri59y0iyv-glibc-locales-2.40-66",
              "default": true
            }
          ],
          "store_path": "/nix/store/lncqmx5asfccx0gfkp64r94ri59y0iyv-glibc-locales-2.40-66"
        }
      }
    },
    "gnumake@latest": {
      "last_modified": "2025-12-27T03:48:10Z",
      "resolved": "github:NixOS/nixpkgs/4eec65df50d796a8fd9c146a09b5007916ce376b#gnumake",
      "source": "devbox-search",
      "version": "4.4.1",
      "systems": {
        "aarch64-darwin": {
          "outputs": [
            {
              "name": "out",
              "path": "/nix/store/himpsafkr92afwx35m02cfqqkayjp7ab-gnumake-4.4.1",
              "default": true
            },
            {
              "name": "man",
              "path": "/nix/store/6k5xskz3ih6as6s431an4vfc8kygwb06-gnumake-4.4.1-man",
              "default": true
            },
            {
              "name": "info",
              "path": "/nix/store/j8pw4cw50ijq08zdnz6r5s0l8hwvi6y2-gnumake-4.4.1-info"
            }
          ],
          "store_path": "/nix/store/himpsafkr92afwx35m02cfqqkayjp7ab-gnumake-4.4.1"
        },
        "aarch64-linux": {
          "outputs": [
            {
              "name": "out",
              "path": "/nix/store/4as5z9sq13frzn76l4grs0x7jlhmp8a4-gnumake-4.4.1",
              "default": true
            },
            {
              "name": "man",
              "path": "/nix/store/c3p59qjacf7zlmivlhzly323wbmwiynn-gnumake-4.4.1-man",
              "default": true
            },
            {
              "name": "debug",
              "path": "/nix/store/bg7na4xrp92kc3w2xmpxck5rxab10by5-gnumake-4.4.1-debug"
            },
            {
              "name": "info",
              "path": "/nix/store/w974qs2b1p53l0xcxrm4va45ih5jjj1x-gnumake-4.4.1-info"
            }
          ],
          "store_path": "/nix/store/4as5z9sq13frzn76l4grs0x7jlhmp8a4-gnumake-4.4.1"
        },
        "x86_64-darwin": {
          "outputs": [
            {
              "name": "out",
              "path": "/nix/store/bc7w3vj6r09bi1izjnag31zw1s26bl3i-gnumake-4.4.1",
              "default": true
            },
            {
              "name": "man",
              "path": "/nix/store/70bpwla1zm4rzj3qh318qb0h3zg2k57x-gnumake-4.4.1-man",
              "default": true
            },
            {
              "name": "info",
              "path": "/nix/store/318jsjis2rp8rm5zpw936flpg90c4v20-gnumake-4.4.1-info"
            }
          ],
          "store_path": "/nix/store/bc7w3vj6r09bi1izjnag31zw1s26bl3i-gnumake-4.4.1"
        },
        "x86_64-linux": {
          "outputs": [
            {
              "name": "out",
              "path": "/nix/store/jlv0a6iyh8vb7pfyhjj93xy245xlmgh5-gnumake-4.4.1",
              "default": true
            },
            {
              "name": "man",
              "path": "/nix/store/66gca2ba1a5dd2pbwh3nc2fil96nzwb8-gnumake-4.4.1-man",
              "default": true
            },
            {
              "name": "debug",
              "path": "/nix/store/jyd69jw95fcsgnl9p5r6k3iycls32vsy-gnumake-4.4.1-debug"
            },
            {
              "name": "info",
              "path": "/nix/store/dm5rg41pkjr7g5khqivn5ddgdlzr2fvy-gnumake-4.4.1-info"
            }
          ],
          "store_path": "/nix/store/jlv0a6iyh8vb7pfyhjj93xy245xlmgh5-gnumake-4.4.1"
        }
      }
    },
    "go-task@latest": {
      "last_modified": "2025-11-23T21:50:36Z",
      "resolved": "github:NixOS/nixpkgs/ee09932cedcef15aaf476f9343d1dea2cb77e261#go-task",
      "source": "devbox-search",
      "version": "3.45.5",
      "systems": {
        "aarch64-darwin": {
          "outputs": [
            {
              "name": "out",
              "path": "/nix/store/hq2nfh8sndri3x4z4k1j9g9wk6l0kp5q-go-task-3.45.5",
              "default": true
            }
          ],
          "store_path": "/nix/store/hq2nfh8sndri3x4z4k1j9g9wk6l0kp5q-go-task-3.45.5"
        },
        "aarch64-linux": {
          "outputs": [
            {
              "name": "out",
              "path": "/nix/store/4ac3xjjbvapdifhzqn3cj012b685bysi-go-task-3.45.5",
              "default": true
            }
          ],
          "store_path": "/nix/store/4ac3xjjbvapdifhzqn3cj012b685bysi-go-task-3.45.5"
        },
        "x86_64-darwin": {
          "outputs": [
            {
              "name": "out",
              "path": "/nix/store/57gnc0hahiawf2dmiiy6z6kxmaq2a41m-go-task-3.45.5",
              "default": true
            }
          ],
          "store_path": "/nix/store/57gnc0hahiawf2dmiiy6z6kxmaq2a41m-go-task-3.45.5"
        },
        "x86_64-linux": {
          "outputs": [
            {
              "name": "out",
              "path": "/nix/store/8j7jr4fpjlmbcyb1crr8gy00z8d768vm-go-task-3.45.5",
              "default": true
            }
          ],
          "store_path": "/nix/store/8j7jr4fpjlmbcyb1crr8gy00z8d768vm-go-task-3.45.5"
        }
      }
    },
    "kubectl@latest": {
      "last_modified": "2025-12-16T16:49:59Z",
      "resolved": "github:NixOS/nixpkgs/e8d16d2186d6ed9f047eb30948e97e7e01886d10#kubectl",
      "source": "devbox-search",
      "version": "1.34.3",
      "systems": {
        "aarch64-darwin": {
          "outputs": [
            {
              "name": "out",
              "path": "/nix/store/wh7x3h048nvpnz9iv8m2wff57rcbns4h-kubectl-1.34.3",
              "default": true
            },
            {
              "name": "man",
              "path": "/nix/store/0z1gk04zvcpy5zm43j42p9sxdkx9gsap-kubectl-1.34.3-man",
              "default": true
            },
            {
              "name": "convert",
              "path": "/nix/store/sgjynqwjc1bzd9j90x50l1f4k8av0q7y-kubectl-1.34.3-convert"
            }
          ],
          "store_path": "/nix/store/wh7x3h048nvpnz9iv8m2wff57rcbns4h-kubectl-1.34.3"
        },
        "aarch64-linux": {
          "outputs": [
            {
              "name": "out",
              "path": "/nix/store/sm68c4d3gg7sch2fpa3ilmlxilqm9525-kubectl-1.34.3",
              "default": true
            },
            {
              "name": "man",
              "path": "/nix/store/d1ld1hbv276y9342aq4wa3x1mjfsd0wq-kubectl-1.34.3-man",
              "default": true
            },
            {
              "name": "convert",
              "path": "/nix/store/2s84f8b0y40879v5vxarlg8h5i6whjab-kubectl-1.34.3-convert"
            }
          ],
          "store_path": "/nix/store/sm68c4d3gg7sch2fpa3ilmlxilqm9525-kubectl-1.34.3"
        },
        "x86_64-darwin": {
          "outputs": [
            {
              "name": "out",
              "path": "/nix/store/4rbd3ml1ibkbp41vp23p3712m5ziqcfm-kubectl-1.34.3",
              "default": true
            },
            {
              "name": "man",
              "path": "/nix/store/k83zqin5j3879l38dly5w4nfg536p170-kubectl-1.34.3-man",
              "default": true
            },
            {
              "name": "convert",
              "path": "/nix/store/r9dni0s5zc9hka7zbi36jglqlj3n7bgm-kubectl-1.34.3-convert"
            }
          ],
          "store_path": "/nix/store/4rbd3ml1ibkbp41vp23p3712m5ziqcfm-kubectl-1.34.3"
        },
        "x86_64-linux": {
          "outputs": [
            {
              "name": "out",
              "path": "/nix/store/589b0djk7wn3k3chyzp9a6wi6al95wn1-kubectl-1.34.3",
              "default": true
            },
            {
              "name": "man",
              "path": "/nix/store/sc5pab1b1hd20gpvk5rzj638wkgz0pvz-kubectl-1.34.3-man",
              "default": true
            },
            {
              "name": "convert",
              "path": "/nix/store/4cyp95klz5fvnfsizj2n93mfbhmg7v39-kubectl-1.34.3-convert"
            }
          ],
          "store_path": "/nix/store/589b0djk7wn3k3chyzp9a6wi6al95wn1-kubectl-1.34.3"
        }
      }
    },
    "mise@latest": {
      "last_modified": "2025-12-29T16:45:58Z",
      "resolved": "github:NixOS/nixpkgs/346dd96ad74dc4457a9db9de4f4f57dab2e5731d#mise",
      "source": "devbox-search",
      "version": "2025.12.12",
      "systems": {
        "aarch64-darwin": {
          "outputs": [
            {
              "name": "out",
              "path": "/nix/store/i8alyvlq59x3nfbdbakwyh5rmiqvpqqj-mise-2025.12.12",
              "default": true
            }
          ],
          "store_path": "/nix/store/i8alyvlq59x3nfbdbakwyh5rmiqvpqqj-mise-2025.12.12"
        },
        "aarch64-linux": {
          "outputs": [
            {
              "name": "out",
              "path": "/nix/store/zc4f4k486kqzf7yzljwizby2avhyf13z-mise-2025.12.12",
              "default": true
            }
          ],
          "store_path": "/nix/store/zc4f4k486kqzf7yzljwizby2avhyf13z-mise-2025.12.12"
        },
        "x86_64-darwin": {
          "outputs": [
            {
              "name": "out",
              "path": "/nix/store/5hi9lg9zv0xd9gpkh8bnzl8ik2v8jrz1-mise-2025.12.12",
              "default": true
            }
          ],
          "store_path": "/nix/store/5hi9lg9zv0xd9gpkh8bnzl8ik2v8jrz1-mise-2025.12.12"
        },
        "x86_64-linux": {
          "outputs": [
            {
              "name": "out",
              "path": "/nix/store/n3igyx5qr6m7kq8h2qam4vb8xksn54p9-mise-2025.12.12",
              "default": true
            }
          ],
          "store_path": "/nix/store/n3igyx5qr6m7kq8h2qam4vb8xksn54p9-mise-2025.12.12"
        }
      }
    },
    "nodejs_23@latest": {
      "last_modified": "2025-05-04T22:22:57Z",
      "plugin_version": "0.0.2",
      "resolved": "github:NixOS/nixpkgs/ed30f8aba41605e3ab46421e3dcb4510ec560ff8#nodejs_23",
      "source": "devbox-search",
      "version": "23.11.0",
      "systems": {
        "aarch64-darwin": {
          "outputs": [
            {
              "name": "out",
              "path": "/nix/store/gdh7lnl6ksw2s9j65ah0jnr93cypq0zr-nodejs-23.11.0",
              "default": true
            },
            {
              "name": "libv8",
              "path": "/nix/store/yf4hi5pps1ciplvlrfdvmzdyv0z24l2x-nodejs-23.11.0-libv8"
            },
            {
              "name": "dev",
              "path": "/nix/store/g1c4jg5r4x6jg3zpirgmw9na2swv94sw-nodejs-23.11.0-dev"
            }
          ],
          "store_path": "/nix/store/gdh7lnl6ksw2s9j65ah0jnr93cypq0zr-nodejs-23.11.0"
        },
        "aarch64-linux": {
          "outputs": [
            {
              "name": "out",
              "path": "/nix/store/x7ivilhxy8gf1ikriff5xif8pg54jvgr-nodejs-23.11.0",
              "default": true
            },
            {
              "name": "dev",
              "path": "/nix/store/n1n2gq6vnvfi5z7cpbg3gp8256wlz089-nodejs-23.11.0-dev"
            },
            {
              "name": "libv8",
              "path": "/nix/store/86qhml3ncl7i4mib7yavcikacnrixsv2-nodejs-23.11.0-libv8"
            }
          ],
          "store_path": "/nix/store/x7ivilhxy8gf1ikriff5xif8pg54jvgr-nodejs-23.11.0"
        },
        "x86_64-darwin": {
          "outputs": [
            {
              "name": "out",
              "path": "/nix/store/bnv40f11mj4yqshylgyw4vp12vh451hb-nodejs-23.11.0",
              "default": true
            },
            {
              "name": "dev",
              "path": "/nix/store/5xkwl34mg1acklqwmm00zj04k235pkvg-nodejs-23.11.0-dev"
            },
            {
              "name": "libv8",
              "path": "/nix/store/s8k6rdbs4m8nkqq478mvq1xf4jlfhjrj-nodejs-23.11.0-libv8"
            }
          ],
          "store_path": "/nix/store/bnv40f11mj4yqshylgyw4vp12vh451hb-nodejs-23.11.0"
        },
        "x86_64-linux": {
          "outputs": [
            {
              "name": "out",
              "path": "/nix/store/farnym67jl2brs97ihsvziz7gm0yq26l-nodejs-23.11.0",
              "default": true
            },
            {
              "name": "libv8",
              "path": "/nix/store/3kx3gj5ix8nsp63kh3nkvxzbqcic85wx-nodejs-23.11.0-libv8"
            },
            {
              "name": "dev",
              "path": "/nix/store/37nmva83fc0idfd0xk7rq61zgxg0ywab-nodejs-23.11.0-dev"
            }
          ],
          "store_path": "/nix/store/farnym67jl2brs97ihsvziz7gm0yq26l-nodejs-23.11.0"
        }
      }
    },
    "openssl@latest": {
      "last_modified": "2025-12-05T06:24:47Z",
      "resolved": "github:NixOS/nixpkgs/42e29df35be6ef54091d3a3b4e97056ce0a98ce8#openssl",
      "source": "devbox-search",
      "version": "3.6.0",
      "systems": {
        "aarch64-darwin": {
          "outputs": [
            {
              "name": "bin",
              "path": "/nix/store/z9prisxci5h5lsk3rdknd4jzq7k9q13d-openssl-3.6.0-bin",
              "default": true
            },
            {
              "name": "man",
              "path": "/nix/store/ii9mnzr3i92mgk9dkgg65739mavd0j6f-openssl-3.6.0-man",
              "default": true
            },
            {
              "name": "dev",
              "path": "/nix/store/h0qgqik0mk0wn7rmm2kk3grfi1wzly74-openssl-3.6.0-dev"
            },
            {
              "name": "doc",
              "path": "/nix/store/yx3ip21fdaaxpjn5fbir02mqnaw9cm4f-openssl-3.6.0-doc"
            },
            {
              "name": "out",
              "path": "/nix/store/3z54dgks2mz3dhwddj158sdibll8xmq5-openssl-3.6.0"
            }
          ],
          "store_path": "/nix/store/z9prisxci5h5lsk3rdknd4jzq7k9q13d-openssl-3.6.0-bin"
        },
        "aarch64-linux": {
          "outputs": [
            {
              "name": "bin",
              "path": "/nix/store/wb6q44n9kcb5acmaa4rgqsajadx1fhhl-openssl-3.6.0-bin",
              "default": true
            },
            {
              "name": "man",
              "path": "/nix/store/c9n1alb7ypzjvzd47m16fiwfczz23qs3-openssl-3.6.0-man",
              "default": true
            },
            {
              "name": "debug",
              "path": "/nix/store/ci6d4k1sj4bnr892lsrqqmjiihqsk0bl-openssl-3.6.0-debug"
            },
            {
              "name": "dev",
              "path": "/nix/store/pq8b7fb3282g68pmk14mbyi20qn6chid-openssl-3.6.0-dev"
            },
            {
              "name": "doc",
              "path": "/nix/store/vaplp6w56dyz38986bgkf0pbg3r486b2-openssl-3.6.0-doc"
            },
            {
              "name": "out",
              "path": "/nix/store/nj50gkyx813dxvfmsg1q8m330hmf3h86-openssl-3.6.0"
            }
          ],
          "store_path": "/nix/store/wb6q44n9kcb5acmaa4rgqsajadx1fhhl-openssl-3.6.0-bin"
        },
        "x86_64-darwin": {
          "outputs": [
            {
              "name": "bin",
              "path": "/nix/store/m3xwn9n0jypwjgi256idfzs979g30j29-openssl-3.6.0-bin",
              "default": true
            },
            {
              "name": "man",
              "path": "/nix/store/hw43f3y1vl7ydrd4samnwnrwqqwkpisv-openssl-3.6.0-man",
              "default": true
            },
            {
              "name": "dev",
              "path": "/nix/store/dirjrfjk8jgsbdpslgb51cav6qaxn2vm-openssl-3.6.0-dev"
            },
            {
              "name": "doc",
              "path": "/nix/store/va1zhkz0nfmycvd0h239hi4w40qgaxcx-openssl-3.6.0-doc"
            },
            {
              "name": "out",
              "path": "/nix/store/q9a4wssx24xsy28w8kifdqizc01fh7sc-openssl-3.6.0"
            }
          ],
          "store_path": "/nix/store/m3xwn9n0jypwjgi256idfzs979g30j29-openssl-3.6.0-bin"
        },
        "x86_64-linux": {
          "outputs": [
            {
              "name": "bin",
              "path": "/nix/store/k0gl1zc7f5hk87lylxwbipb0b870bcmk-openssl-3.6.0-bin",
              "default": true
            },
            {
              "name": "man",
              "path": "/nix/store/a9jdl6xq9fc98ykpvqmc9kf0b0j9y8wh-openssl-3.6.0-man",
              "default": true
            },
            {
              "name": "debug",
              "path": "/nix/store/sqv8kbdgfxlr2d6nysr8c2715qpsi6f5-openssl-3.6.0-debug"
            },
            {
              "name": "dev",
              "path": "/nix/store/ydrckgnllgg8nmhdwni81h7xhcpnrlhd-openssl-3.6.0-dev"
            },
            {
              "name": "doc",
              "path": "/nix/store/cgp9ig35iwicfb9spcrgyg2m5dmlcgrv-openssl-3.6.0-doc"
            },
            {
              "name": "out",
              "path": "/nix/store/61i74yjkj9p1qphfl7018ja4sdwkipx0-openssl-3.6.0"
            }
          ],
          "store_path": "/nix/store/k0gl1zc7f5hk87lylxwbipb0b870bcmk-openssl-3.6.0-bin"
        }
      }
    },
    "pre-commit@latest": {
      "last_modified": "2025-12-19T06:18:24Z",
      "resolved": "github:NixOS/nixpkgs/7d853e518814cca2a657b72eeba67ae20ebf7059#pre-commit",
      "source": "devbox-search",
      "version": "4.5.1",
      "systems": {
        "aarch64-darwin": {
          "outputs": [
            {
              "name": "out",
              "path": "/nix/store/yagix71f4isji0myf607lg6fnp2v8pzd-pre-commit-4.5.1",
              "default": true
            },
            {
              "name": "dist",
              "path": "/nix/store/93pci74s78ys6kl0wkngbya11lc8w0wk-pre-commit-4.5.1-dist"
            }
          ],
          "store_path": "/nix/store/yagix71f4isji0myf607lg6fnp2v8pzd-pre-commit-4.5.1"
        },
        "aarch64-linux": {
          "outputs": [
            {
              "name": "out",
              "path": "/nix/store/ilrpcyddb85m5gy62l4rvsfb7s7dhrd7-pre-commit-4.5.1",
              "default": true
            },
            {
              "name": "dist",
              "path": "/nix/store/kfy8345gm5xcc5dlygg2zfyd0w462242-pre-commit-4.5.1-dist"
            }
          ],
          "store_path": "/nix/store/ilrpcyddb85m5gy62l4rvsfb7s7dhrd7-pre-commit-4.5.1"
        },
        "x86_64-darwin": {
          "outputs": [
            {
              "name": "out",
              "path": "/nix/store/7dxds9ch0bnmadp07ppzyrlw0wxmihsl-pre-commit-4.5.1",
              "default": true
            },
            {
              "name": "dist",
              "path": "/nix/store/8wqpnr6yvlzas2yssl4icvsyslk82b78-pre-commit-4.5.1-dist"
            }
          ],
          "store_path": "/nix/store/7dxds9ch0bnmadp07ppzyrlw0wxmihsl-pre-commit-4.5.1"
        },
        "x86_64-linux": {
          "outputs": [
            {
              "name": "out",
              "path": "/nix/store/nq4n5yd6paaqc8hm1f54g9lsz87zpwzm-pre-commit-4.5.1",
              "default": true
            },
            {
              "name": "dist",
              "path": "/nix/store/1bljyj2nkv05jm4q84rj6fbr4zc1q26p-pre-commit-4.5.1-dist"
            }
          ],
          "store_path": "/nix/store/nq4n5yd6paaqc8hm1f54g9lsz87zpwzm-pre-commit-4.5.1"
        }
      }
    },
    "ruff@latest": {
      "last_modified": "2025-12-13T16:46:16Z",
      "resolved": "github:NixOS/nixpkgs/23735a82a828372c4ef92c660864e82fbe2f5fbe#ruff",
      "source": "devbox-search",
      "version": "0.14.9",
      "systems": {
        "aarch64-darwin": {
          "outputs": [
            {
              "name": "out",
              "path": "/nix/store/p1j6zkzdmdlj901zhwfw3kflxwxm67db-ruff-0.14.9",
              "default": true
            }
          ],
          "store_path": "/nix/store/p1j6zkzdmdlj901zhwfw3kflxwxm67db-ruff-0.14.9"
        },
        "aarch64-linux": {
          "outputs": [
            {
              "name": "out",
              "path": "/nix/store/wrw39058hj7xilcbjw6mmx69mncbwx7l-ruff-0.14.9",
              "default": true
            }
          ],
          "store_path": "/nix/store/wrw39058hj7xilcbjw6mmx69mncbwx7l-ruff-0.14.9"
        },
        "x86_64-darwin": {
          "outputs": [
            {
              "name": "out",
              "path": "/nix/store/3hsnpcy107j0rj7ffvqpi1d0bib8rzhk-ruff-0.14.9",
              "default": true
            }
          ],
          "store_path": "/nix/store/3hsnpcy107j0rj7ffvqpi1d0bib8rzhk-ruff-0.14.9"
        },
        "x86_64-linux": {
          "outputs": [
            {
              "name": "out",
              "path": "/nix/store/7xva92dr1p9s81f0wsrvm3jmc5b5p4mw-ruff-0.14.9",
              "default": true
            }
          ],
          "store_path": "/nix/store/7xva92dr1p9s81f0wsrvm3jmc5b5p4mw-ruff-0.14.9"
        }
      }
    },
    "tilt@latest": {
      "last_modified": "2025-12-16T16:49:59Z",
      "resolved": "github:NixOS/nixpkgs/e8d16d2186d6ed9f047eb30948e97e7e01886d10#tilt",
      "source": "devbox-search",
      "version": "0.36.0",
      "systems": {
        "aarch64-darwin": {
          "outputs": [
            {
              "name": "out",
              "path": "/nix/store/2ac000v9ki4ai6vyl4h0f4flfgijx427-tilt-0.36.0",
              "default": true
            }
          ],
          "store_path": "/nix/store/2ac000v9ki4ai6vyl4h0f4flfgijx427-tilt-0.36.0"
        },
        "aarch64-linux": {
          "outputs": [
            {
              "name": "out",
              "path": "/nix/store/97rl3wg542qbzvlwb6pks3di8z5rwkji-tilt-0.36.0",
              "default": true
            }
          ],
          "store_path": "/nix/store/97rl3wg542qbzvlwb6pks3di8z5rwkji-tilt-0.36.0"
        },
        "x86_64-darwin": {
          "outputs": [
            {
              "name": "out",
              "path": "/nix/store/bka59akxjr1zg8zghmhmzrbkmd7h9rki-tilt-0.36.0",
              "default": true
            }
          ],
          "store_path": "/nix/store/bka59akxjr1zg8zghmhmzrbkmd7h9rki-tilt-0.36.0"
        },
        "x86_64-linux": {
          "outputs": [
            {
              "name": "out",
              "path": "/nix/store/h99wnhngj6s1vfw299gh5c5pin7qlc5f-tilt-0.36.0",
              "default": true
            }
          ],
          "store_path": "/nix/store/h99wnhngj6s1vfw299gh5c5pin7qlc5f-tilt-0.36.0"
        }
      }
    },
    "uv@latest": {
      "last_modified": "2025-12-18T02:44:17Z",
      "resolved": "github:NixOS/nixpkgs/def3da69945bbe338c373fddad5a1bb49cf199ce#uv",
      "source": "devbox-search",
      "version": "0.9.18",
      "systems": {
        "aarch64-darwin": {
          "outputs": [
            {
              "name": "out",
              "path": "/nix/store/8p7xc548qhrs4ns82bamyxnjm1h6w16s-uv-0.9.18",
              "default": true
            }
          ],
          "store_path": "/nix/store/8p7xc548qhrs4ns82bamyxnjm1h6w16s-uv-0.9.18"
        },
        "aarch64-linux": {
          "outputs": [
            {
              "name": "out",
              "path": "/nix/store/s2r0d03va9llzxbvjwd2ncpmn3nysnp6-uv-0.9.18",
              "default": true
            }
          ],
          "store_path": "/nix/store/s2r0d03va9llzxbvjwd2ncpmn3nysnp6-uv-0.9.18"
        },
        "x86_64-darwin": {
          "outputs": [
            {
              "name": "out",
              "path": "/nix/store/wz27b8hmvng619crzsfcdh9vywdakxa3-uv-0.9.18",
              "default": true
            }
          ],
          "store_path": "/nix/store/wz27b8hmvng619crzsfcdh9vywdakxa3-uv-0.9.18"
        },
        "x86_64-linux": {
          "outputs": [
            {
              "name": "out",
              "path": "/nix/store/hba3r60zyn9mcqp2s71qwv7rlkv3qskn-uv-0.9.18",
              "default": true
            }
          ],
          "store_path": "/nix/store/hba3r60zyn9mcqp2s71qwv7rlkv3qskn-uv-0.9.18"
        }
      }
    }
  }
}
