{
  "lockfile_version": "1",
  "packages": {
    "ansible-lint@latest": {
      "last_modified": "2024-04-19T17:36:04-04:00",
      "resolved": "github:NixOS/nixpkgs/92d295f588631b0db2da509f381b4fb1e74173c5#ansible-lint",
      "source": "devbox-search",
      "version": "24.2.2",
      "systems": {
        "aarch64-darwin": {
          "outputs": [
            {
              "name": "out",
              "path": "/nix/store/plygdwiy9cgkhlj68yfcximwb36qdhlq-ansible-lint-24.2.2",
              "default": true
            },
            {
              "name": "dist",
              "path": "/nix/store/897pv9mpkzz3i0jmhdqn5rjgkzmirs1h-ansible-lint-24.2.2-dist"
            }
          ],
          "store_path": "/nix/store/plygdwiy9cgkhlj68yfcximwb36qdhlq-ansible-lint-24.2.2"
        },
        "aarch64-linux": {
          "outputs": [
            {
              "name": "out",
              "path": "/nix/store/qzmhsafd8i1gznixnck8i3ac2zfvn9wy-ansible-lint-24.2.2",
              "default": true
            },
            {
              "name": "dist",
              "path": "/nix/store/z7gpcd6wgp6271mxlm0yw8s9mblm3fj0-ansible-lint-24.2.2-dist"
            }
          ],
          "store_path": "/nix/store/qzmhsafd8i1gznixnck8i3ac2zfvn9wy-ansible-lint-24.2.2"
        },
        "x86_64-darwin": {
          "outputs": [
            {
              "name": "out",
              "path": "/nix/store/msc0hhkda8737sc6amfipkdxy04vrsg9-ansible-lint-24.2.2",
              "default": true
            },
            {
              "name": "dist",
              "path": "/nix/store/grksghwx5kfgbap5bh2q20hjjf6b4zvr-ansible-lint-24.2.2-dist"
            }
          ],
          "store_path": "/nix/store/msc0hhkda8737sc6amfipkdxy04vrsg9-ansible-lint-24.2.2"
        },
        "x86_64-linux": {
          "outputs": [
            {
              "name": "out",
              "path": "/nix/store/n0i9ph40gq4mxn6gyc04bhrfd1wsmpws-ansible-lint-24.2.2",
              "default": true
            },
            {
              "name": "dist",
              "path": "/nix/store/3sc68zvbv0mdny6mlzs7qah121j931v2-ansible-lint-24.2.2-dist"
            }
          ],
          "store_path": "/nix/store/n0i9ph40gq4mxn6gyc04bhrfd1wsmpws-ansible-lint-24.2.2"
        }
      }
    },
    "ansible@latest": {
      "last_modified": "2024-04-19T17:36:04-04:00",
      "resolved": "github:NixOS/nixpkgs/92d295f588631b0db2da509f381b4fb1e74173c5#ansible",
      "source": "devbox-search",
      "version": "2.16.5",
      "systems": {
        "aarch64-darwin": {
          "outputs": [
            {
              "name": "out",
              "path": "/nix/store/8xvj3xnlrhcck6brh48rb6vymsvldzkw-python3.11-ansible-core-2.16.5",
              "default": true
            },
            {
              "name": "dist",
              "path": "/nix/store/384mv4035gs65g5h3payzlkx4yn8j9yk-python3.11-ansible-core-2.16.5-dist"
            }
          ],
          "store_path": "/nix/store/8xvj3xnlrhcck6brh48rb6vymsvldzkw-python3.11-ansible-core-2.16.5"
        },
        "aarch64-linux": {
          "outputs": [
            {
              "name": "out",
              "path": "/nix/store/4glvhxz4006rjbv2p2f447s2pbhakaq6-python3.11-ansible-core-2.16.5",
              "default": true
            },
            {
              "name": "dist",
              "path": "/nix/store/fi77s4dz255kwqa47s22faliw4q78csi-python3.11-ansible-core-2.16.5-dist"
            }
          ],
          "store_path": "/nix/store/4glvhxz4006rjbv2p2f447s2pbhakaq6-python3.11-ansible-core-2.16.5"
        },
        "x86_64-darwin": {
          "outputs": [
            {
              "name": "out",
              "path": "/nix/store/r0l3l5z08nxzfhgpp545ip67bc6vawfc-python3.11-ansible-core-2.16.5",
              "default": true
            },
            {
              "name": "dist",
              "path": "/nix/store/99pqnqq2b6g5m4mnawjcwa6ay9a06and-python3.11-ansible-core-2.16.5-dist"
            }
          ],
          "store_path": "/nix/store/r0l3l5z08nxzfhgpp545ip67bc6vawfc-python3.11-ansible-core-2.16.5"
        },
        "x86_64-linux": {
          "outputs": [
            {
              "name": "out",
              "path": "/nix/store/3gsj6jky3sfpn893pwjdk2g8xa6x2ppp-python3.11-ansible-core-2.16.5",
              "default": true
            },
            {
              "name": "dist",
              "path": "/nix/store/y6b5zp0k4gs5dydda12vq3s8xaaivpwb-python3.11-ansible-core-2.16.5-dist"
            }
          ],
          "store_path": "/nix/store/3gsj6jky3sfpn893pwjdk2g8xa6x2ppp-python3.11-ansible-core-2.16.5"
        }
      }
    },
    "asdf-vm@latest": {
      "last_modified": "2024-04-19T17:36:04-04:00",
      "resolved": "github:NixOS/nixpkgs/92d295f588631b0db2da509f381b4fb1e74173c5#asdf-vm",
      "source": "devbox-search",
      "version": "0.14.0",
      "systems": {
        "aarch64-darwin": {
          "outputs": [
            {
              "name": "out",
              "path": "/nix/store/mhms0hp9gjpr7mp888slvw2hrspg7m41-asdf-vm-0.14.0",
              "default": true
            }
          ],
          "store_path": "/nix/store/mhms0hp9gjpr7mp888slvw2hrspg7m41-asdf-vm-0.14.0"
        },
        "aarch64-linux": {
          "outputs": [
            {
              "name": "out",
              "path": "/nix/store/qsq7r8apsp8qkd152vl5376bnn356vsv-asdf-vm-0.14.0",
              "default": true
            }
          ],
          "store_path": "/nix/store/qsq7r8apsp8qkd152vl5376bnn356vsv-asdf-vm-0.14.0"
        },
        "x86_64-darwin": {
          "outputs": [
            {
              "name": "out",
              "path": "/nix/store/78cz6lcwvj8gcqh3msnm2xw0lyylwxpi-asdf-vm-0.14.0",
              "default": true
            }
          ],
          "store_path": "/nix/store/78cz6lcwvj8gcqh3msnm2xw0lyylwxpi-asdf-vm-0.14.0"
        },
        "x86_64-linux": {
          "outputs": [
            {
              "name": "out",
              "path": "/nix/store/x2dnhqhc50hgpyfpcr7ymj5lahl9bra8-asdf-vm-0.14.0",
              "default": true
            }
          ],
          "store_path": "/nix/store/x2dnhqhc50hgpyfpcr7ymj5lahl9bra8-asdf-vm-0.14.0"
        }
      }
    },
    "docker@latest": {
      "last_modified": "2024-04-19T17:36:04-04:00",
      "resolved": "github:NixOS/nixpkgs/92d295f588631b0db2da509f381b4fb1e74173c5#docker",
      "source": "devbox-search",
      "version": "24.0.5",
      "systems": {
        "aarch64-darwin": {
          "outputs": [
            {
              "name": "out",
              "path": "/nix/store/rq15kjwa4gjq9h8scbchxi9nyvrg44ab-docker-24.0.5",
              "default": true
            }
          ],
          "store_path": "/nix/store/rq15kjwa4gjq9h8scbchxi9nyvrg44ab-docker-24.0.5"
        },
        "aarch64-linux": {
          "outputs": [
            {
              "name": "out",
              "path": "/nix/store/v6k3jm8fkp4rmwvxpbchb62p4kmn8bnw-docker-24.0.5",
              "default": true
            }
          ],
          "store_path": "/nix/store/v6k3jm8fkp4rmwvxpbchb62p4kmn8bnw-docker-24.0.5"
        },
        "x86_64-darwin": {
          "outputs": [
            {
              "name": "out",
              "path": "/nix/store/ww9ncrcjwl2zvpfvz88z01yhasv3598k-docker-24.0.5",
              "default": true
            }
          ],
          "store_path": "/nix/store/ww9ncrcjwl2zvpfvz88z01yhasv3598k-docker-24.0.5"
        },
        "x86_64-linux": {
          "outputs": [
            {
              "name": "out",
              "path": "/nix/store/1s9bdzai4csrc4sb1jy1h9jbwba79gd7-docker-24.0.5",
              "default": true
            }
          ],
          "store_path": "/nix/store/1s9bdzai4csrc4sb1jy1h9jbwba79gd7-docker-24.0.5"
        }
      }
    },
    "gh@latest": {
      "last_modified": "2024-04-19T17:36:04-04:00",
      "resolved": "github:NixOS/nixpkgs/92d295f588631b0db2da509f381b4fb1e74173c5#gh",
      "source": "devbox-search",
      "version": "2.48.0",
      "systems": {
        "aarch64-darwin": {
          "outputs": [
            {
              "name": "out",
              "path": "/nix/store/al0w11wik8xvjv311f9hdcni6lcbd22g-gh-2.48.0",
              "default": true
            }
          ],
          "store_path": "/nix/store/al0w11wik8xvjv311f9hdcni6lcbd22g-gh-2.48.0"
        },
        "aarch64-linux": {
          "outputs": [
            {
              "name": "out",
              "path": "/nix/store/fa3pwqlw4izfip7kg4c1iv7gdhwjgsf7-gh-2.48.0",
              "default": true
            }
          ],
          "store_path": "/nix/store/fa3pwqlw4izfip7kg4c1iv7gdhwjgsf7-gh-2.48.0"
        },
        "x86_64-darwin": {
          "outputs": [
            {
              "name": "out",
              "path": "/nix/store/m9jcg3yp042alkymg4qy3k4skyfzxpgs-gh-2.48.0",
              "default": true
            }
          ],
          "store_path": "/nix/store/m9jcg3yp042alkymg4qy3k4skyfzxpgs-gh-2.48.0"
        },
        "x86_64-linux": {
          "outputs": [
            {
              "name": "out",
              "path": "/nix/store/yk2hqa1jnc9r26q93cs8m6gi4872s1ga-gh-2.48.0",
              "default": true
            }
          ],
          "store_path": "/nix/store/yk2hqa1jnc9r26q93cs8m6gi4872s1ga-gh-2.48.0"
        }
      }
    },
    "git@latest": {
      "last_modified": "2024-04-19T17:36:04-04:00",
      "resolved": "github:NixOS/nixpkgs/92d295f588631b0db2da509f381b4fb1e74173c5#git",
      "source": "devbox-search",
      "version": "2.44.0",
      "systems": {
        "aarch64-darwin": {
          "outputs": [
            {
              "name": "out",
              "path": "/nix/store/m0xxxwbvmfkpr2xl8xglp6pdcy2b32yr-git-2.44.0",
              "default": true
            },
            {
              "name": "doc",
              "path": "/nix/store/ixfyjbvrvcgjd6pvlmwd837n7gpacpsh-git-2.44.0-doc"
            }
          ],
          "store_path": "/nix/store/m0xxxwbvmfkpr2xl8xglp6pdcy2b32yr-git-2.44.0"
        },
        "aarch64-linux": {
          "outputs": [
            {
              "name": "out",
              "path": "/nix/store/53m8frqp4ibslq73c9rw25aim802cz6d-git-2.44.0",
              "default": true
            },
            {
              "name": "debug",
              "path": "/nix/store/wmzbmb8nx1w5i4r9sadfkm5wsnrc626n-git-2.44.0-debug"
            },
            {
              "name": "doc",
              "path": "/nix/store/n43ma18dqvddxslzzbcdg4z1ck0yjlrn-git-2.44.0-doc"
            }
          ],
          "store_path": "/nix/store/53m8frqp4ibslq73c9rw25aim802cz6d-git-2.44.0"
        },
        "x86_64-darwin": {
          "outputs": [
            {
              "name": "out",
              "path": "/nix/store/31aiia9d9zfmk53wsc2pkixipmhpb2s6-git-2.44.0",
              "default": true
            },
            {
              "name": "doc",
              "path": "/nix/store/r10zhb4fvl4mgkwk67nc30mp0z3qs384-git-2.44.0-doc"
            }
          ],
          "store_path": "/nix/store/31aiia9d9zfmk53wsc2pkixipmhpb2s6-git-2.44.0"
        },
        "x86_64-linux": {
          "outputs": [
            {
              "name": "out",
              "path": "/nix/store/apl2ibxqrxbbj6z79nfgv892999z1zyv-git-2.44.0",
              "default": true
            },
            {
              "name": "debug",
              "path": "/nix/store/8ibxf7vhwzn2iqzggksgj7wmfph6krr4-git-2.44.0-debug"
            },
            {
              "name": "doc",
              "path": "/nix/store/ylvh2h3hr0m5578rs6ms184923xvsd1j-git-2.44.0-doc"
            }
          ],
          "store_path": "/nix/store/apl2ibxqrxbbj6z79nfgv892999z1zyv-git-2.44.0"
        }
      }
    },
    "gnumake@latest": {
      "last_modified": "2024-04-19T17:36:04-04:00",
      "resolved": "github:NixOS/nixpkgs/92d295f588631b0db2da509f381b4fb1e74173c5#gnumake",
      "source": "devbox-search",
      "version": "4.4.1",
      "systems": {
        "aarch64-darwin": {
          "outputs": [
            {
              "name": "out",
              "path": "/nix/store/1cjkrg6qi2hqvl2j9arrhda5ik3dw707-gnumake-4.4.1",
              "default": true
            },
            {
              "name": "man",
              "path": "/nix/store/ksik878xm0c9bxb75wfhfg2ylm4w0aav-gnumake-4.4.1-man",
              "default": true
            },
            {
              "name": "info",
              "path": "/nix/store/j2pa8kq1rba6mkqbbbv7k5r89fqgrgrx-gnumake-4.4.1-info"
            }
          ],
          "store_path": "/nix/store/1cjkrg6qi2hqvl2j9arrhda5ik3dw707-gnumake-4.4.1"
        },
        "aarch64-linux": {
          "outputs": [
            {
              "name": "out",
              "path": "/nix/store/779cbnya6zazh6yv8v3axky7wqd1d6xi-gnumake-4.4.1",
              "default": true
            },
            {
              "name": "man",
              "path": "/nix/store/8k2f18wc4ngq3y67zwqfvx5ckcbqadl5-gnumake-4.4.1-man",
              "default": true
            },
            {
              "name": "debug",
              "path": "/nix/store/lbbdq6cvncqqd2i6yhw1jgivr69hpxav-gnumake-4.4.1-debug"
            },
            {
              "name": "info",
              "path": "/nix/store/af203hd2f4zjfnjd159h9mgdhfbs4iwm-gnumake-4.4.1-info"
            }
          ],
          "store_path": "/nix/store/779cbnya6zazh6yv8v3axky7wqd1d6xi-gnumake-4.4.1"
        },
        "x86_64-darwin": {
          "outputs": [
            {
              "name": "out",
              "path": "/nix/store/f990ckg8csfq517rczrn9nnpzcfwzd3d-gnumake-4.4.1",
              "default": true
            },
            {
              "name": "man",
              "path": "/nix/store/q857swx734dh6xcjvcmqfgiqrx4cnvn0-gnumake-4.4.1-man",
              "default": true
            },
            {
              "name": "info",
              "path": "/nix/store/1iqhxfpxjadf9x3nbrbc9ha0dczrr7jx-gnumake-4.4.1-info"
            }
          ],
          "store_path": "/nix/store/f990ckg8csfq517rczrn9nnpzcfwzd3d-gnumake-4.4.1"
        },
        "x86_64-linux": {
          "outputs": [
            {
              "name": "out",
              "path": "/nix/store/igc1cay5d5nqlj96vrq2icdxkdby1pay-gnumake-4.4.1",
              "default": true
            },
            {
              "name": "man",
              "path": "/nix/store/pnffk89cmqpszkhw0jawwfph8sh6gcyp-gnumake-4.4.1-man",
              "default": true
            },
            {
              "name": "debug",
              "path": "/nix/store/js0frfqk4xrglycqh2jh87cdb29z4pp3-gnumake-4.4.1-debug"
            },
            {
              "name": "info",
              "path": "/nix/store/4s87rpcgdh4nlsy0xv802xm94x2ky757-gnumake-4.4.1-info"
            }
          ],
          "store_path": "/nix/store/igc1cay5d5nqlj96vrq2icdxkdby1pay-gnumake-4.4.1"
        }
      }
    },
    "go-task@latest": {
      "last_modified": "2024-04-19T17:36:04-04:00",
      "resolved": "github:NixOS/nixpkgs/92d295f588631b0db2da509f381b4fb1e74173c5#go-task",
      "source": "devbox-search",
      "version": "3.36.0",
      "systems": {
        "aarch64-darwin": {
          "outputs": [
            {
              "name": "out",
              "path": "/nix/store/s7999mjjjkan5fi20csad6pxha0pcn9m-go-task-3.36.0",
              "default": true
            }
          ],
          "store_path": "/nix/store/s7999mjjjkan5fi20csad6pxha0pcn9m-go-task-3.36.0"
        },
        "aarch64-linux": {
          "outputs": [
            {
              "name": "out",
              "path": "/nix/store/pf3rrjy7d7hl9b9qrlqfs7r0dp1c9gl2-go-task-3.36.0",
              "default": true
            }
          ],
          "store_path": "/nix/store/pf3rrjy7d7hl9b9qrlqfs7r0dp1c9gl2-go-task-3.36.0"
        },
        "x86_64-darwin": {
          "outputs": [
            {
              "name": "out",
              "path": "/nix/store/crv84dwq688wdwlw165b52yk8zshs3zz-go-task-3.36.0",
              "default": true
            }
          ],
          "store_path": "/nix/store/crv84dwq688wdwlw165b52yk8zshs3zz-go-task-3.36.0"
        },
        "x86_64-linux": {
          "outputs": [
            {
              "name": "out",
              "path": "/nix/store/g1chzl549g4jzjpaqc1i2d0hbazkhx5l-go-task-3.36.0",
              "default": true
            }
          ],
          "store_path": "/nix/store/g1chzl549g4jzjpaqc1i2d0hbazkhx5l-go-task-3.36.0"
        }
      }
    },
    "nodejs@21.4.0": {
      "last_modified": "2023-12-17T21:58:18-05:00",
      "plugin_version": "0.0.2",
      "resolved": "github:NixOS/nixpkgs/ca16221251951e9c6261a1a2bb4f9389038d3632#nodejs_21",
      "source": "devbox-search",
      "version": "21.4.0",
      "systems": {
        "aarch64-darwin": {
          "outputs": [
            {
              "name": "out",
              "path": "/nix/store/m9dw902f3qmlyd1k79fnkpdpbbgmiq5p-nodejs-21.4.0",
              "default": true
            },
            {
              "name": "libv8",
              "path": "/nix/store/rsb5szdpknl5i4y8ws1fxyxsvcd7vb5n-nodejs-21.4.0-libv8"
            }
          ],
          "store_path": "/nix/store/m9dw902f3qmlyd1k79fnkpdpbbgmiq5p-nodejs-21.4.0"
        },
        "aarch64-linux": {
          "outputs": [
            {
              "name": "out",
              "path": "/nix/store/jcyq7h968yazllrvf432lrx5qfibdr66-nodejs-21.4.0",
              "default": true
            },
            {
              "name": "libv8",
              "path": "/nix/store/svfx1lqy2484jcryks6m30cgzxv3ji55-nodejs-21.4.0-libv8"
            }
          ],
          "store_path": "/nix/store/jcyq7h968yazllrvf432lrx5qfibdr66-nodejs-21.4.0"
        },
        "x86_64-darwin": {
          "outputs": [
            {
              "name": "out",
              "path": "/nix/store/wri9fd1rhd708z3k48vp60kx39l8nl04-nodejs-21.4.0",
              "default": true
            },
            {
              "name": "libv8",
              "path": "/nix/store/94i3fiixjcjx3fxw2mcq4rmd9hyf0hvg-nodejs-21.4.0-libv8"
            }
          ],
          "store_path": "/nix/store/wri9fd1rhd708z3k48vp60kx39l8nl04-nodejs-21.4.0"
        },
        "x86_64-linux": {
          "outputs": [
            {
              "name": "out",
              "path": "/nix/store/p3mbsd6dn6qxy7s7svmahb99m95cwk39-nodejs-21.4.0",
              "default": true
            },
            {
              "name": "libv8",
              "path": "/nix/store/hbrvfj1wmg9vqg8lnq2l11k53jhh84aw-nodejs-21.4.0-libv8"
            }
          ],
          "store_path": "/nix/store/p3mbsd6dn6qxy7s7svmahb99m95cwk39-nodejs-21.4.0"
        }
      }
    },
    "openssl@latest": {
      "last_modified": "2024-04-20T03:04:14-04:00",
      "resolved": "github:NixOS/nixpkgs/fd16bb6d3bcca96039b11aa52038fafeb6e4f4be#openssl",
      "source": "devbox-search",
      "version": "3.0.13",
      "systems": {
        "aarch64-darwin": {
          "outputs": [
            {
              "name": "bin",
              "path": "/nix/store/n8xzpnjww9iqlh7h9mdm6kx3lbqkpa50-openssl-3.0.13-bin",
              "default": true
            },
            {
              "name": "man",
              "path": "/nix/store/br9syk8hvk3x87aw9qsvjcmbdfagw0qy-openssl-3.0.13-man",
              "default": true
            },
            {
              "name": "dev",
              "path": "/nix/store/mwi469vpv30nyi6jdpgj6vdrg5mrxnv9-openssl-3.0.13-dev"
            },
            {
              "name": "doc",
              "path": "/nix/store/1y3rf9mvx5hndbjk4pcvahhqa86n1yrn-openssl-3.0.13-doc"
            },
            {
              "name": "out",
              "path": "/nix/store/lkyxy6fl4l34b3hw184n197waxs0m26i-openssl-3.0.13"
            }
          ],
          "store_path": "/nix/store/n8xzpnjww9iqlh7h9mdm6kx3lbqkpa50-openssl-3.0.13-bin"
        },
        "aarch64-linux": {
          "outputs": [
            {
              "name": "bin",
              "path": "/nix/store/w2q9i0qyr40yn0mjscbbsbvc2fnyasfl-openssl-3.0.13-bin",
              "default": true
            },
            {
              "name": "man",
              "path": "/nix/store/shhl839g3da00sz2pkajvscirhk3s640-openssl-3.0.13-man",
              "default": true
            },
            {
              "name": "debug",
              "path": "/nix/store/1brrcw0zinz4ysy4lsq594w5wfa3mfxj-openssl-3.0.13-debug"
            },
            {
              "name": "dev",
              "path": "/nix/store/rd1mk726jghldm5y31jpbfb7lg92bg9f-openssl-3.0.13-dev"
            },
            {
              "name": "doc",
              "path": "/nix/store/nlr8lxfsiim4zj9b7b5isvzh8ahpj0z3-openssl-3.0.13-doc"
            },
            {
              "name": "out",
              "path": "/nix/store/fnvggynzw5lxm16v3wh1vza9xxz945va-openssl-3.0.13"
            }
          ],
          "store_path": "/nix/store/w2q9i0qyr40yn0mjscbbsbvc2fnyasfl-openssl-3.0.13-bin"
        },
        "x86_64-darwin": {
          "outputs": [
            {
              "name": "bin",
              "path": "/nix/store/3rm6jnc4239dlv7jy0pd2nnlx39c92f2-openssl-3.0.13-bin",
              "default": true
            },
            {
              "name": "man",
              "path": "/nix/store/gmrj88hwxahcgzapk5k5qfcd1x0kp5w7-openssl-3.0.13-man",
              "default": true
            },
            {
              "name": "out",
              "path": "/nix/store/wicg2qks4ymnsdkdmcciq3apz3xc5qki-openssl-3.0.13"
            },
            {
              "name": "dev",
              "path": "/nix/store/726hqg8gsla080rxpx4m0k813fkdsg0d-openssl-3.0.13-dev"
            },
            {
              "name": "doc",
              "path": "/nix/store/qambmr8654w2l1kkabdd0sh8acva8539-openssl-3.0.13-doc"
            }
          ],
          "store_path": "/nix/store/3rm6jnc4239dlv7jy0pd2nnlx39c92f2-openssl-3.0.13-bin"
        },
        "x86_64-linux": {
          "outputs": [
            {
              "name": "bin",
              "path": "/nix/store/chsxv0jx2fwhyslf6lm1wfrg42nan4dm-openssl-3.0.13-bin",
              "default": true
            },
            {
              "name": "man",
              "path": "/nix/store/21qgvwmp3qb794fc04hl4y40sxln945f-openssl-3.0.13-man",
              "default": true
            },
            {
              "name": "debug",
              "path": "/nix/store/63r67jyphmdym55fx8mzxzl4bgbbkgn4-openssl-3.0.13-debug"
            },
            {
              "name": "dev",
              "path": "/nix/store/aqaxrq9jyrjwsnsly12b2xkqmakcsawb-openssl-3.0.13-dev"
            },
            {
              "name": "doc",
              "path": "/nix/store/gca0zyl0bliggnf0xnj1lfd75i0494yc-openssl-3.0.13-doc"
            },
            {
              "name": "out",
              "path": "/nix/store/9xgpmwqw0881kxa9sl498qfmzy7z2ndn-openssl-3.0.13"
            }
          ],
          "store_path": "/nix/store/chsxv0jx2fwhyslf6lm1wfrg42nan4dm-openssl-3.0.13-bin"
        }
      }
    },
    "poetry@latest": {
      "last_modified": "2024-04-19T17:36:04-04:00",
      "plugin_version": "0.0.4",
      "resolved": "github:NixOS/nixpkgs/92d295f588631b0db2da509f381b4fb1e74173c5#poetry",
      "source": "devbox-search",
      "version": "1.8.2",
      "systems": {
        "aarch64-darwin": {
          "outputs": [
            {
              "name": "out",
              "path": "/nix/store/2rk4lm1wcav909g29k9wbrlv077bwasw-python3.11-poetry-1.8.2",
              "default": true
            },
            {
              "name": "dist",
              "path": "/nix/store/sq2rf665zq07fs95ga1m80gk7mwdpcn0-python3.11-poetry-1.8.2-dist"
            }
          ],
          "store_path": "/nix/store/2rk4lm1wcav909g29k9wbrlv077bwasw-python3.11-poetry-1.8.2"
        },
        "aarch64-linux": {
          "outputs": [
            {
              "name": "out",
              "path": "/nix/store/nh054rj7hhyb3wlqv6jms1maqckmr1k9-python3.11-poetry-1.8.2",
              "default": true
            },
            {
              "name": "dist",
              "path": "/nix/store/1362fqzd7hdadvc711c59k8jps2fs064-python3.11-poetry-1.8.2-dist"
            }
          ],
          "store_path": "/nix/store/nh054rj7hhyb3wlqv6jms1maqckmr1k9-python3.11-poetry-1.8.2"
        },
        "x86_64-darwin": {
          "outputs": [
            {
              "name": "out",
              "path": "/nix/store/qyf2b14fwhcqma154bhx317qmy77qd6i-python3.11-poetry-1.8.2",
              "default": true
            },
            {
              "name": "dist",
              "path": "/nix/store/ylsk0zaa4s31n6j8mvq8d0bi1aaix513-python3.11-poetry-1.8.2-dist"
            }
          ],
          "store_path": "/nix/store/qyf2b14fwhcqma154bhx317qmy77qd6i-python3.11-poetry-1.8.2"
        },
        "x86_64-linux": {
          "outputs": [
            {
              "name": "out",
              "path": "/nix/store/g9yj4dz4adzxg80r08rm04jn437cm50q-python3.11-poetry-1.8.2",
              "default": true
            },
            {
              "name": "dist",
              "path": "/nix/store/5b1s9ij3fskpqvxn1v3kgihj1580qig4-python3.11-poetry-1.8.2-dist"
            }
          ],
          "store_path": "/nix/store/g9yj4dz4adzxg80r08rm04jn437cm50q-python3.11-poetry-1.8.2"
        }
      }
    },
    "python311Packages.pip@latest": {
      "last_modified": "2024-04-19T17:36:04-04:00",
      "plugin_version": "0.0.2",
      "resolved": "github:NixOS/nixpkgs/92d295f588631b0db2da509f381b4fb1e74173c5#python311Packages.pip",
      "source": "devbox-search",
      "version": "24.0",
      "systems": {
        "aarch64-darwin": {
          "outputs": [
            {
              "name": "out",
              "path": "/nix/store/k5b9va5nqvkc25rhv60f86k7q366h9qj-python3.11-pip-24.0",
              "default": true
            },
            {
              "name": "man",
              "path": "/nix/store/i8zvshg8jh3apnjyx19mn2qv5d1x392k-python3.11-pip-24.0-man",
              "default": true
            },
            {
              "name": "dist",
              "path": "/nix/store/8bp6j8nwaca7qm00xzigv9fns47l8lal-python3.11-pip-24.0-dist"
            }
          ],
          "store_path": "/nix/store/k5b9va5nqvkc25rhv60f86k7q366h9qj-python3.11-pip-24.0"
        },
        "aarch64-linux": {
          "outputs": [
            {
              "name": "out",
              "path": "/nix/store/snq1wd5lvjf6k1iwnplg6fs1a5506hvf-python3.11-pip-24.0",
              "default": true
            },
            {
              "name": "man",
              "path": "/nix/store/c931sk09n2c4sn7dab6s6bnpzsaxqy62-python3.11-pip-24.0-man",
              "default": true
            },
            {
              "name": "dist",
              "path": "/nix/store/p0yry1nsngrcklrk1qzbd4by9npsmgw6-python3.11-pip-24.0-dist"
            }
          ],
          "store_path": "/nix/store/snq1wd5lvjf6k1iwnplg6fs1a5506hvf-python3.11-pip-24.0"
        },
        "x86_64-darwin": {
          "outputs": [
            {
              "name": "out",
              "path": "/nix/store/kdlz6yqs3ip0hbcafk81vz71k4jzbq8s-python3.11-pip-24.0",
              "default": true
            },
            {
              "name": "man",
              "path": "/nix/store/lx82yajpj5092na05pipv5qrhl3vvpsj-python3.11-pip-24.0-man",
              "default": true
            },
            {
              "name": "dist",
              "path": "/nix/store/wnsiv23sljim62v8m0qpyiw5kxqr7hi4-python3.11-pip-24.0-dist"
            }
          ],
          "store_path": "/nix/store/kdlz6yqs3ip0hbcafk81vz71k4jzbq8s-python3.11-pip-24.0"
        },
        "x86_64-linux": {
          "outputs": [
            {
              "name": "out",
              "path": "/nix/store/xzsmb68m1hcjhxwzbwa959766jgmvaw6-python3.11-pip-24.0",
              "default": true
            },
            {
              "name": "man",
              "path": "/nix/store/40yyyv1q5zm6yr0mfjkahm0n9fq767gr-python3.11-pip-24.0-man",
              "default": true
            },
            {
              "name": "dist",
              "path": "/nix/store/mlr6i05q5s7qylpppkxml1jc1asdylpg-python3.11-pip-24.0-dist"
            }
          ],
          "store_path": "/nix/store/xzsmb68m1hcjhxwzbwa959766jgmvaw6-python3.11-pip-24.0"
        }
      }
    },
    "python@3.11.6": {
      "last_modified": "2023-12-13T17:54:10-05:00",
      "plugin_version": "0.0.3",
      "resolved": "github:NixOS/nixpkgs/fd04bea4cbf76f86f244b9e2549fca066db8ddff#python3",
      "source": "devbox-search",
      "version": "3.11.6",
      "systems": {
        "aarch64-darwin": {
          "outputs": [
            {
              "name": "out",
              "path": "/nix/store/z0nnwdh4p692yvf3qgwgj3bn78w99q6y-python3-3.11.6",
              "default": true
            }
          ],
          "store_path": "/nix/store/z0nnwdh4p692yvf3qgwgj3bn78w99q6y-python3-3.11.6"
        },
        "aarch64-linux": {
          "outputs": [
            {
              "name": "out",
              "path": "/nix/store/v4ln57kzvq6c3q2041xmgig8vyh5nm20-python3-3.11.6",
              "default": true
            },
            {
              "name": "debug",
              "path": "/nix/store/wmhih3v0iabzd1m8bxiqxwn742ix7rpr-python3-3.11.6-debug"
            }
          ],
          "store_path": "/nix/store/v4ln57kzvq6c3q2041xmgig8vyh5nm20-python3-3.11.6"
        },
        "x86_64-darwin": {
          "outputs": [
            {
              "name": "out",
              "path": "/nix/store/rfqs6lmm832yp3aqihsjdfvvs0wvr1a5-python3-3.11.6",
              "default": true
            }
          ],
          "store_path": "/nix/store/rfqs6lmm832yp3aqihsjdfvvs0wvr1a5-python3-3.11.6"
        },
        "x86_64-linux": {
          "outputs": [
            {
              "name": "out",
              "path": "/nix/store/5k91mg4qjylxbfvrv748smfh51ppjq0g-python3-3.11.6",
              "default": true
            },
            {
              "name": "debug",
              "path": "/nix/store/qakzwylm7ia6kpfdy5fl7dkhwjm82x30-python3-3.11.6-debug"
            }
          ],
          "store_path": "/nix/store/5k91mg4qjylxbfvrv748smfh51ppjq0g-python3-3.11.6"
        }
      }
    },
    "tilt@latest": {
      "last_modified": "2024-04-19T17:36:04-04:00",
      "resolved": "github:NixOS/nixpkgs/92d295f588631b0db2da509f381b4fb1e74173c5#tilt",
      "source": "devbox-search",
      "version": "0.33.10",
      "systems": {
        "aarch64-darwin": {
          "outputs": [
            {
              "name": "out",
              "path": "/nix/store/53548s2adxrvlan4n3akd01qr5yax24i-tilt-0.33.10",
              "default": true
            }
          ],
          "store_path": "/nix/store/53548s2adxrvlan4n3akd01qr5yax24i-tilt-0.33.10"
        },
        "aarch64-linux": {
          "outputs": [
            {
              "name": "out",
              "path": "/nix/store/jllnzv43fnx00mh1qy4wfjab2x7cvqfy-tilt-0.33.10",
              "default": true
            }
          ],
          "store_path": "/nix/store/jllnzv43fnx00mh1qy4wfjab2x7cvqfy-tilt-0.33.10"
        },
        "x86_64-darwin": {
          "outputs": [
            {
              "name": "out",
              "path": "/nix/store/vpkrnfkxzm9na69f8d0n1xi27ldpxsmb-tilt-0.33.10",
              "default": true
            }
          ],
          "store_path": "/nix/store/vpkrnfkxzm9na69f8d0n1xi27ldpxsmb-tilt-0.33.10"
        },
        "x86_64-linux": {
          "outputs": [
            {
              "name": "out",
              "path": "/nix/store/ilmi317iniznihx0hjhky4nvigbbzyf1-tilt-0.33.10",
              "default": true
            }
          ],
          "store_path": "/nix/store/ilmi317iniznihx0hjhky4nvigbbzyf1-tilt-0.33.10"
        }
      }
    }
  }
}
